// !$*UTF8*$!
{
	archiveVersion = 1;
	classes = {
	};
	objectVersion = 63;
	objects = {

/* Begin PBXBuildFile section */
		07B3EE98A1FAF3ACD66F3105 /* FretboardMap.swift in Sources */ = {isa = PBXBuildFile; fileRef = 2E51969524840300FF0E8A6B /* FretboardMap.swift */; };
		0C7C571F748A6608481FB2E8 /* AppContainer.swift in Sources */ = {isa = PBXBuildFile; fileRef = 4EA251BC27D8D96635D24662 /* AppContainer.swift */; };
		1652D6AEA0CAC007A588ACF7 /* UserSettings.swift in Sources */ = {isa = PBXBuildFile; fileRef = 75F33C020F5C7AD53F0FED16 /* UserSettings.swift */; };
		1DCBD5A31F1020692EA7327A /* MusicalNote.swift in Sources */ = {isa = PBXBuildFile; fileRef = C7F66B310FC00C6E9D5C9C55 /* MusicalNote.swift */; };
		20D0F2B57504F159A5A2941A /* FretboardMapTests.swift in Sources */ = {isa = PBXBuildFile; fileRef = D4DF1FDBF5E9642B3BE23F13 /* FretboardMapTests.swift */; };
		40CB32A7A09C9F632EB5516A /* SwiftDataStore.swift in Sources */ = {isa = PBXBuildFile; fileRef = 345276D05EC6AC195E61EC77 /* SwiftDataStore.swift */; };
		42BC4D75157CD11B821F000B /* ContentView.swift in Sources */ = {isa = PBXBuildFile; fileRef = DF483C11CC36364FF00BD785 /* ContentView.swift */; };
		4BDA0F8CEEC0B38DA6B44F4D /* Session.swift in Sources */ = {isa = PBXBuildFile; fileRef = 7B1CFF8D3B946A281F915552 /* Session.swift */; };
		6CA77DCA52016E907F94981C /* Localizable.xcstrings in Resources */ = {isa = PBXBuildFile; fileRef = F088F0CC66E1B501E30D677A /* Localizable.xcstrings */; };
		6E85C7AE2F43881100677A83 /* Repositories.swift in Sources */ = {isa = PBXBuildFile; fileRef = 6E85C7AD2F43881100677A83 /* Repositories.swift */; };
		6EED92372F42081600E8A491 /* SessionSummaryView.swift in Sources */ = {isa = PBXBuildFile; fileRef = 6EED92352F42081600E8A491 /* SessionSummaryView.swift */; };
		6EED92382F42081600E8A491 /* QuizViewModel.swift in Sources */ = {isa = PBXBuildFile; fileRef = 6EED92332F42081600E8A491 /* QuizViewModel.swift */; };
		6EED92392F42081600E8A491 /* FretboardView.swift in Sources */ = {isa = PBXBuildFile; fileRef = 6EED92312F42081600E8A491 /* FretboardView.swift */; };
		6EED923A2F42081600E8A491 /* SessionSetupView.swift in Sources */ = {isa = PBXBuildFile; fileRef = 6EED92342F42081600E8A491 /* SessionSetupView.swift */; };
		6EED923B2F42081600E8A491 /* QuizView.swift in Sources */ = {isa = PBXBuildFile; fileRef = 6EED92322F42081600E8A491 /* QuizView.swift */; };
		6EED923D2F42086200E8A491 /* QuizViewModelTests.swift in Sources */ = {isa = PBXBuildFile; fileRef = 6EED923C2F42086200E8A491 /* QuizViewModelTests.swift */; };
		6EED92452F424F7000E8A491 /* ProgressViewModelTests.swift in Sources */ = {isa = PBXBuildFile; fileRef = 6EED92442F424F7000E8A491 /* ProgressViewModelTests.swift */; };
		6EED92462F42504700E8A491 /* ProgressTabView.swift in Sources */ = {isa = PBXBuildFile; fileRef = 6EED92432F424EA500E8A491 /* ProgressTabView.swift */; };
		6EED92472F42504D00E8A491 /* CellDetailSheet.swift in Sources */ = {isa = PBXBuildFile; fileRef = 6EED92412F424E5500E8A491 /* CellDetailSheet.swift */; };
		6EED92482F42505400E8A491 /* MasteryHeatmapView.swift in Sources */ = {isa = PBXBuildFile; fileRef = 6EED92402F424E2A00E8A491 /* MasteryHeatmapView.swift */; };
		6EED92492F42505A00E8A491 /* ProgressViewModel.swift in Sources */ = {isa = PBXBuildFile; fileRef = 6EED923F2F424DF200E8A491 /* ProgressViewModel.swift */; };
		6EED92522F4253CE00E8A491 /* TunerView.swift in Sources */ = {isa = PBXBuildFile; fileRef = 6EED92512F4253CE00E8A491 /* TunerView.swift */; };
		6EF2783C2F426DDA00A513BE /* PitchDetector.swift in Sources */ = {isa = PBXBuildFile; fileRef = 6EED92572F42560400E8A491 /* PitchDetector.swift */; };
		6EF2783E2F42784500A513BE /* SettingsView.swift in Sources */ = {isa = PBXBuildFile; fileRef = 6EF2783D2F42784500A513BE /* SettingsView.swift */; };
		6EF278402F42BE3D00A513BE /* NotificationScheduler.swift in Sources */ = {isa = PBXBuildFile; fileRef = 6EF2783F2F42BD0400A513BE /* NotificationScheduler.swift */; };
		6EF278442F433E3300A513BE /* ChordProgression.swift in Sources */ = {isa = PBXBuildFile; fileRef = 6EF278432F433E3300A513BE /* ChordProgression.swift */; };
		6EF278482F43A00200A513BE /* SessionHeatmapView.swift in Sources */ = {isa = PBXBuildFile; fileRef = 6EF278462F43A00000A513BE /* SessionHeatmapView.swift */; };
		6EF278492F43A00300A513BE /* SessionDetailView.swift in Sources */ = {isa = PBXBuildFile; fileRef = 6EF278472F43A00100A513BE /* SessionDetailView.swift */; };

		7C46BB67989E69F57DEF1887 /* FretMasterApp.swift in Sources */ = {isa = PBXBuildFile; fileRef = 3AAED6FAD75BBFAF594F2EA8 /* FretMasterApp.swift */; };
		8CDD0EE65CD3D9C201000C31 /* MusicalNoteTests.swift in Sources */ = {isa = PBXBuildFile; fileRef = 1567E22743C718ECEBFAC4A7 /* MusicalNoteTests.swift */; };
		A41F54664534C960EEEDD804 /* PracticeLogTests.swift in Sources */ = {isa = PBXBuildFile; fileRef = DB975FB39D4CFAF5ACAA9F2B /* PracticeLogTests.swift */; };
		B6599D4FF8CE59B08885AAEB /* SettingsTests.swift in Sources */ = {isa = PBXBuildFile; fileRef = 5663C614491295D75F63D4E7 /* SettingsTests.swift */; };
		BA56E89066785C3051235503 /* SwiftDataRepositories.swift in Sources */ = {isa = PBXBuildFile; fileRef = 13C75795F0B683B36F568478 /* SwiftDataRepositories.swift */; };
		BF6E0E1B24955D8D000D460E /* MasteryAlgorithmTests.swift in Sources */ = {isa = PBXBuildFile; fileRef = 3ABF1F333A04C6C15C3E0796 /* MasteryAlgorithmTests.swift */; };
		C245FD3F42ABD3BC796B9AF7 /* MasteryScore.swift in Sources */ = {isa = PBXBuildFile; fileRef = A1BD1B1C9A0F288DFCBB51D3 /* MasteryScore.swift */; };
		C292D6C7EF36C5E88B4AFAC4 /* Attempt.swift in Sources */ = {isa = PBXBuildFile; fileRef = 5592BE8F87D212A13F2F9151 /* Attempt.swift */; };
		BB11111111111111BB000001 /* MetroDroneModels.swift in Sources */ = {isa = PBXBuildFile; fileRef = AA11111111111111AA000001 /* MetroDroneModels.swift */; };
		BB11111111111111BB000002 /* MetroDroneEngine.swift in Sources */ = {isa = PBXBuildFile; fileRef = AA11111111111111AA000002 /* MetroDroneEngine.swift */; };
		BB11111111111111BB000003 /* MetroDroneViewModel.swift in Sources */ = {isa = PBXBuildFile; fileRef = AA11111111111111AA000003 /* MetroDroneViewModel.swift */; };
		BB11111111111111BB000004 /* MetroDroneView.swift in Sources */ = {isa = PBXBuildFile; fileRef = AA11111111111111AA000004 /* MetroDroneView.swift */; };
/* End PBXBuildFile section */

/* Begin PBXContainerItemProxy section */
		49CE2932DD4371E27562DC1A /* PBXContainerItemProxy */ = {
			isa = PBXContainerItemProxy;
			containerPortal = D8FEEA9C9D2110CC1BE1E9D4 /* Project object */;
			proxyType = 1;
			remoteGlobalIDString = 5DE4D079ED0E4BBA11B7151D;
			remoteInfo = FretMaster;
		};
/* End PBXContainerItemProxy section */

/* Begin PBXFileReference section */
		13C75795F0B683B36F568478 /* SwiftDataRepositories.swift */ = {isa = PBXFileReference; lastKnownFileType = sourcecode.swift; path = SwiftDataRepositories.swift; sourceTree = "<group>"; };
		1567E22743C718ECEBFAC4A7 /* MusicalNoteTests.swift */ = {isa = PBXFileReference; lastKnownFileType = sourcecode.swift; path = MusicalNoteTests.swift; sourceTree = "<group>"; };
		2E51969524840300FF0E8A6B /* FretboardMap.swift */ = {isa = PBXFileReference; lastKnownFileType = sourcecode.swift; path = FretboardMap.swift; sourceTree = "<group>"; };
		345276D05EC6AC195E61EC77 /* SwiftDataStore.swift */ = {isa = PBXFileReference; lastKnownFileType = sourcecode.swift; path = SwiftDataStore.swift; sourceTree = "<group>"; };
		3AAED6FAD75BBFAF594F2EA8 /* FretMasterApp.swift */ = {isa = PBXFileReference; lastKnownFileType = sourcecode.swift; path = FretMasterApp.swift; sourceTree = "<group>"; };
		3ABF1F333A04C6C15C3E0796 /* MasteryAlgorithmTests.swift */ = {isa = PBXFileReference; lastKnownFileType = sourcecode.swift; path = MasteryAlgorithmTests.swift; sourceTree = "<group>"; };
		4EA251BC27D8D96635D24662 /* AppContainer.swift */ = {isa = PBXFileReference; lastKnownFileType = sourcecode.swift; path = AppContainer.swift; sourceTree = "<group>"; };
		5592BE8F87D212A13F2F9151 /* Attempt.swift */ = {isa = PBXFileReference; lastKnownFileType = sourcecode.swift; path = Attempt.swift; sourceTree = "<group>"; };
		5663C614491295D75F63D4E7 /* SettingsTests.swift */ = {isa = PBXFileReference; lastKnownFileType = sourcecode.swift; path = SettingsTests.swift; sourceTree = "<group>"; };
		6E459AD12F4124FB00F665FA /* FretMaster.xctestplan */ = {isa = PBXFileReference; lastKnownFileType = text; path = FretMaster.xctestplan; sourceTree = "<group>"; };
		6E85C7AD2F43881100677A83 /* Repositories.swift */ = {isa = PBXFileReference; lastKnownFileType = sourcecode.swift; path = Repositories.swift; sourceTree = "<group>"; };
		6EED92312F42081600E8A491 /* FretboardView.swift */ = {isa = PBXFileReference; lastKnownFileType = sourcecode.swift; path = FretboardView.swift; sourceTree = "<group>"; };
		6EED92322F42081600E8A491 /* QuizView.swift */ = {isa = PBXFileReference; lastKnownFileType = sourcecode.swift; path = QuizView.swift; sourceTree = "<group>"; };
		6EED92332F42081600E8A491 /* QuizViewModel.swift */ = {isa = PBXFileReference; lastKnownFileType = sourcecode.swift; path = QuizViewModel.swift; sourceTree = "<group>"; };
		6EED92342F42081600E8A491 /* SessionSetupView.swift */ = {isa = PBXFileReference; lastKnownFileType = sourcecode.swift; path = SessionSetupView.swift; sourceTree = "<group>"; };
		6EED92352F42081600E8A491 /* SessionSummaryView.swift */ = {isa = PBXFileReference; lastKnownFileType = sourcecode.swift; path = SessionSummaryView.swift; sourceTree = "<group>"; };
		6EED923C2F42086200E8A491 /* QuizViewModelTests.swift */ = {isa = PBXFileReference; lastKnownFileType = sourcecode.swift; path = QuizViewModelTests.swift; sourceTree = "<group>"; };
		6EED923F2F424DF200E8A491 /* ProgressViewModel.swift */ = {isa = PBXFileReference; lastKnownFileType = sourcecode.swift; path = ProgressViewModel.swift; sourceTree = "<group>"; };
		6EED92402F424E2A00E8A491 /* MasteryHeatmapView.swift */ = {isa = PBXFileReference; lastKnownFileType = sourcecode.swift; path = MasteryHeatmapView.swift; sourceTree = "<group>"; };
		6EED92412F424E5500E8A491 /* CellDetailSheet.swift */ = {isa = PBXFileReference; lastKnownFileType = sourcecode.swift; path = CellDetailSheet.swift; sourceTree = "<group>"; };
		6EED92432F424EA500E8A491 /* ProgressTabView.swift */ = {isa = PBXFileReference; lastKnownFileType = sourcecode.swift; path = ProgressTabView.swift; sourceTree = "<group>"; };
		6EED92442F424F7000E8A491 /* ProgressViewModelTests.swift */ = {isa = PBXFileReference; lastKnownFileType = sourcecode.swift; path = ProgressViewModelTests.swift; sourceTree = "<group>"; };
		6EED92512F4253CE00E8A491 /* TunerView.swift */ = {isa = PBXFileReference; lastKnownFileType = sourcecode.swift; path = TunerView.swift; sourceTree = "<group>"; };
		6EED92572F42560400E8A491 /* PitchDetector.swift */ = {isa = PBXFileReference; lastKnownFileType = sourcecode.swift; path = PitchDetector.swift; sourceTree = "<group>"; };
		6EF2783D2F42784500A513BE /* SettingsView.swift */ = {isa = PBXFileReference; lastKnownFileType = sourcecode.swift; path = SettingsView.swift; sourceTree = "<group>"; };
		6EF2783F2F42BD0400A513BE /* NotificationScheduler.swift */ = {isa = PBXFileReference; lastKnownFileType = sourcecode.swift; path = NotificationScheduler.swift; sourceTree = "<group>"; };
		6EF278432F433E3300A513BE /* ChordProgression.swift */ = {isa = PBXFileReference; lastKnownFileType = sourcecode.swift; path = ChordProgression.swift; sourceTree = "<group>"; };
		6EF278462F43A00000A513BE /* SessionHeatmapView.swift */ = {isa = PBXFileReference; lastKnownFileType = sourcecode.swift; path = SessionHeatmapView.swift; sourceTree = "<group>"; };
		6EF278472F43A00100A513BE /* SessionDetailView.swift */ = {isa = PBXFileReference; lastKnownFileType = sourcecode.swift; path = SessionDetailView.swift; sourceTree = "<group>"; };

		75F33C020F5C7AD53F0FED16 /* UserSettings.swift */ = {isa = PBXFileReference; lastKnownFileType = sourcecode.swift; path = UserSettings.swift; sourceTree = "<group>"; };
		7B1CFF8D3B946A281F915552 /* Session.swift */ = {isa = PBXFileReference; lastKnownFileType = sourcecode.swift; path = Session.swift; sourceTree = "<group>"; };
		7D8B5B1EAE79EA1EE9574F02 /* Info.plist */ = {isa = PBXFileReference; lastKnownFileType = text.plist; path = Info.plist; sourceTree = "<group>"; };
		A1BD1B1C9A0F288DFCBB51D3 /* MasteryScore.swift */ = {isa = PBXFileReference; lastKnownFileType = sourcecode.swift; path = MasteryScore.swift; sourceTree = "<group>"; };
		C7F66B310FC00C6E9D5C9C55 /* MusicalNote.swift */ = {isa = PBXFileReference; lastKnownFileType = sourcecode.swift; path = MusicalNote.swift; sourceTree = "<group>"; };
		D4DF1FDBF5E9642B3BE23F13 /* FretboardMapTests.swift */ = {isa = PBXFileReference; lastKnownFileType = sourcecode.swift; path = FretboardMapTests.swift; sourceTree = "<group>"; };
		D91F1E82424E0EF60669EA2F /* FretMasterTests.xctest */ = {isa = PBXFileReference; explicitFileType = wrapper.cfbundle; includeInIndex = 0; path = FretMasterTests.xctest; sourceTree = BUILT_PRODUCTS_DIR; };
		DB975FB39D4CFAF5ACAA9F2B /* PracticeLogTests.swift */ = {isa = PBXFileReference; lastKnownFileType = sourcecode.swift; path = PracticeLogTests.swift; sourceTree = "<group>"; };
		DF483C11CC36364FF00BD785 /* ContentView.swift */ = {isa = PBXFileReference; lastKnownFileType = sourcecode.swift; path = ContentView.swift; sourceTree = "<group>"; };
		F088F0CC66E1B501E30D677A /* Localizable.xcstrings */ = {isa = PBXFileReference; lastKnownFileType = text.json.xcstrings; path = Localizable.xcstrings; sourceTree = "<group>"; };
		F5D2AC0AEE0E403768845F4E /* FretMaster.app */ = {isa = PBXFileReference; explicitFileType = wrapper.application; includeInIndex = 0; path = FretMaster.app; sourceTree = BUILT_PRODUCTS_DIR; };
		AA11111111111111AA000001 /* MetroDroneModels.swift */ = {isa = PBXFileReference; lastKnownFileType = sourcecode.swift; path = MetroDroneModels.swift; sourceTree = "<group>"; };
		AA11111111111111AA000002 /* MetroDroneEngine.swift */ = {isa = PBXFileReference; lastKnownFileType = sourcecode.swift; path = MetroDroneEngine.swift; sourceTree = "<group>"; };
		AA11111111111111AA000003 /* MetroDroneViewModel.swift */ = {isa = PBXFileReference; lastKnownFileType = sourcecode.swift; path = MetroDroneViewModel.swift; sourceTree = "<group>"; };
		AA11111111111111AA000004 /* MetroDroneView.swift */ = {isa = PBXFileReference; lastKnownFileType = sourcecode.swift; path = MetroDroneView.swift; sourceTree = "<group>"; };
/* End PBXFileReference section */

/* Begin PBXGroup section */
		021CEB4A75EA42139EFA5D51 /* Repositories */ = {
			isa = PBXGroup;
			children = (
			);
			path = Repositories;
			sourceTree = "<group>";
		};
		102FD8A8BB92840A9F46AEE7 /* Products */ = {
			isa = PBXGroup;
			children = (
				F5D2AC0AEE0E403768845F4E /* FretMaster.app */,
				D91F1E82424E0EF60669EA2F /* FretMasterTests.xctest */,
			);
			name = Products;
			sourceTree = "<group>";
		};
		146F1D84569D7216796FDC9C /* UnitTests */ = {
			isa = PBXGroup;
			children = (
				6EED92442F424F7000E8A491 /* ProgressViewModelTests.swift */,
				6EED923C2F42086200E8A491 /* QuizViewModelTests.swift */,
				D4DF1FDBF5E9642B3BE23F13 /* FretboardMapTests.swift */,
				3ABF1F333A04C6C15C3E0796 /* MasteryAlgorithmTests.swift */,
				1567E22743C718ECEBFAC4A7 /* MusicalNoteTests.swift */,
				DB975FB39D4CFAF5ACAA9F2B /* PracticeLogTests.swift */,
				5663C614491295D75F63D4E7 /* SettingsTests.swift */,
			);
			path = UnitTests;
			sourceTree = "<group>";
		};
		34DC7E30B69DBC4E0E1DAEFC = {
			isa = PBXGroup;
			children = (
				6E459AD12F4124FB00F665FA /* FretMaster.xctestplan */,
				7FF5F80EC352857B9FFD14FE /* FretMaster */,
				786B316770DAD195722981F5 /* FretMasterTests */,
				102FD8A8BB92840A9F46AEE7 /* Products */,
				6EF2783F2F42BD0400A513BE /* NotificationScheduler.swift */,
			);
			sourceTree = "<group>";
		};
		392853981D10D27C780EB8C3 /* Domain */ = {
			isa = PBXGroup;
			children = (
				F8DF3765D3E417F3333CC8FA /* Models */,
				021CEB4A75EA42139EFA5D51 /* Repositories */,
			);
			path = Domain;
			sourceTree = "<group>";
		};
		6EED92362F42081600E8A491 /* Quiz */ = {
			isa = PBXGroup;
			children = (
				6EED92312F42081600E8A491 /* FretboardView.swift */,
				6EED92322F42081600E8A491 /* QuizView.swift */,
				6EED92332F42081600E8A491 /* QuizViewModel.swift */,
				6EED92342F42081600E8A491 /* SessionSetupView.swift */,
				6EED92352F42081600E8A491 /* SessionSummaryView.swift */,
			);
			path = Quiz;
			sourceTree = "<group>";
		};
		6EED923E2F424DAB00E8A491 /* Progress */ = {
			isa = PBXGroup;
			children = (
				6EED92432F424EA500E8A491 /* ProgressTabView.swift */,
				6EED92412F424E5500E8A491 /* CellDetailSheet.swift */,
				6EED92402F424E2A00E8A491 /* MasteryHeatmapView.swift */,
				6EF278462F43A00000A513BE /* SessionHeatmapView.swift */,
				6EF278472F43A00100A513BE /* SessionDetailView.swift */,
				6EED923F2F424DF200E8A491 /* ProgressViewModel.swift */,
				6EF278432F433E3300A513BE /* ChordProgression.swift */,
			);
			path = Progress;
			sourceTree = "<group>";
		};
		6EED924E2F4253A900E8A491 /* Tuner */ = {
			isa = PBXGroup;
			children = (
				6EED92572F42560400E8A491 /* PitchDetector.swift */,
				6EED92512F4253CE00E8A491 /* TunerView.swift */,
				6EF2783D2F42784500A513BE /* SettingsView.swift */,
			);
			path = Tuner;
			sourceTree = "<group>";
		};
		7190F5F52DA2BC0672C6EA61 /* App */ = {
			isa = PBXGroup;
			children = (
				4EA251BC27D8D96635D24662 /* AppContainer.swift */,
				DF483C11CC36364FF00BD785 /* ContentView.swift */,
				3AAED6FAD75BBFAF594F2EA8 /* FretMasterApp.swift */,
			);
			path = App;
			sourceTree = "<group>";
		};
		786B316770DAD195722981F5 /* FretMasterTests */ = {
			isa = PBXGroup;
			children = (
				146F1D84569D7216796FDC9C /* UnitTests */,
			);
			path = FretMasterTests;
			sourceTree = "<group>";
		};
		7FF5F80EC352857B9FFD14FE /* FretMaster */ = {
			isa = PBXGroup;
			children = (
				CC11111111111111CC000002 /* Audio */,
				6EED924E2F4253A900E8A491 /* Tuner */,
				CC11111111111111CC000001 /* MetroDrone */,
				6EED923E2F424DAB00E8A491 /* Progress */,
				6EED92362F42081600E8A491 /* Quiz */,
				7190F5F52DA2BC0672C6EA61 /* App */,
				CDBF366699CA30B7B5ABC2B3 /* Data */,
				392853981D10D27C780EB8C3 /* Domain */,
				DD4A0BA8686200B462D3E90F /* Resources */,
			);
			path = FretMaster;
			sourceTree = "<group>";
		};
		CDBF366699CA30B7B5ABC2B3 /* Data */ = {
			isa = PBXGroup;
			children = (
				F7C818670D7122C462FAF4C1 /* SwiftData */,
			);
			path = Data;
			sourceTree = "<group>";
		};
		DD4A0BA8686200B462D3E90F /* Resources */ = {
			isa = PBXGroup;
			children = (
				7D8B5B1EAE79EA1EE9574F02 /* Info.plist */,
				F088F0CC66E1B501E30D677A /* Localizable.xcstrings */,
			);
			path = Resources;
			sourceTree = "<group>";
		};
		F7C818670D7122C462FAF4C1 /* SwiftData */ = {
			isa = PBXGroup;
			children = (
				13C75795F0B683B36F568478 /* SwiftDataRepositories.swift */,
				345276D05EC6AC195E61EC77 /* SwiftDataStore.swift */,
				6E85C7AD2F43881100677A83 /* Repositories.swift */,
			);
			path = SwiftData;
			sourceTree = "<group>";
		};
		F8DF3765D3E417F3333CC8FA /* Models */ = {
			isa = PBXGroup;
			children = (
				5592BE8F87D212A13F2F9151 /* Attempt.swift */,
				2E51969524840300FF0E8A6B /* FretboardMap.swift */,
				A1BD1B1C9A0F288DFCBB51D3 /* MasteryScore.swift */,
				AA11111111111111AA000001 /* MetroDroneModels.swift */,
				C7F66B310FC00C6E9D5C9C55 /* MusicalNote.swift */,
				7B1CFF8D3B946A281F915552 /* Session.swift */,
				75F33C020F5C7AD53F0FED16 /* UserSettings.swift */,
			);
			path = Models;
			sourceTree = "<group>";
		};
		CC11111111111111CC000001 /* MetroDrone */ = {
			isa = PBXGroup;
			children = (
				AA11111111111111AA000003 /* MetroDroneViewModel.swift */,
				AA11111111111111AA000004 /* MetroDroneView.swift */,
			);
			path = MetroDrone;
			sourceTree = "<group>";
		};
		CC11111111111111CC000002 /* Audio */ = {
			isa = PBXGroup;
			children = (
				AA11111111111111AA000002 /* MetroDroneEngine.swift */,
			);
			path = Audio;
			sourceTree = "<group>";
		};
/* End PBXGroup section */

/* Begin PBXNativeTarget section */
		5DE4D079ED0E4BBA11B7151D /* FretMaster */ = {
			isa = PBXNativeTarget;
			buildConfigurationList = E994572B6AEB929427730532 /* Build configuration list for PBXNativeTarget "FretMaster" */;
			buildPhases = (
				D081DD82CFC70508C72F04E2 /* Sources */,
				3953B88F878DDDDE6A929B05 /* Resources */,
			);
			buildRules = (
			);
			dependencies = (
			);
			name = FretMaster;
			packageProductDependencies = (
			);
			productName = FretMaster;
			productReference = F5D2AC0AEE0E403768845F4E /* FretMaster.app */;
			productType = "com.apple.product-type.application";
		};
		6F9688BFBA5ACC1DCB9C3677 /* FretMasterTests */ = {
			isa = PBXNativeTarget;
			buildConfigurationList = D97DE4116015D9F59B898142 /* Build configuration list for PBXNativeTarget "FretMasterTests" */;
			buildPhases = (
				051CD88EB9E6253FF74C688F /* Sources */,
			);
			buildRules = (
			);
			dependencies = (
				45E1E101E618112E80E354C3 /* PBXTargetDependency */,
			);
			name = FretMasterTests;
			packageProductDependencies = (
			);
			productName = FretMasterTests;
			productReference = D91F1E82424E0EF60669EA2F /* FretMasterTests.xctest */;
			productType = "com.apple.product-type.bundle.unit-test";
		};
/* End PBXNativeTarget section */

/* Begin PBXProject section */
		D8FEEA9C9D2110CC1BE1E9D4 /* Project object */ = {
			isa = PBXProject;
			attributes = {
				BuildIndependentTargetsInParallel = YES;
				LastUpgradeCheck = 1600;
			};
			buildConfigurationList = 19568D0A8811E1363D889674 /* Build configuration list for PBXProject "FretMaster" */;
			compatibilityVersion = "Xcode 14.0";
			developmentRegion = en;
			hasScannedForEncodings = 0;
			knownRegions = (
				Base,
				en,
			);
			mainGroup = 34DC7E30B69DBC4E0E1DAEFC;
			minimizedProjectReferenceProxies = 1;
			projectDirPath = "";
			projectRoot = "";
			targets = (
				5DE4D079ED0E4BBA11B7151D /* FretMaster */,
				6F9688BFBA5ACC1DCB9C3677 /* FretMasterTests */,
			);
		};
/* End PBXProject section */

/* Begin PBXResourcesBuildPhase section */
		3953B88F878DDDDE6A929B05 /* Resources */ = {
			isa = PBXResourcesBuildPhase;
			buildActionMask = 2147483647;
			files = (
				6CA77DCA52016E907F94981C /* Localizable.xcstrings in Resources */,
			);
			runOnlyForDeploymentPostprocessing = 0;
		};
/* End PBXResourcesBuildPhase section */

/* Begin PBXSourcesBuildPhase section */
		051CD88EB9E6253FF74C688F /* Sources */ = {
			isa = PBXSourcesBuildPhase;
			buildActionMask = 2147483647;
			files = (
				20D0F2B57504F159A5A2941A /* FretboardMapTests.swift in Sources */,
				6EED923D2F42086200E8A491 /* QuizViewModelTests.swift in Sources */,
				BF6E0E1B24955D8D000D460E /* MasteryAlgorithmTests.swift in Sources */,
				8CDD0EE65CD3D9C201000C31 /* MusicalNoteTests.swift in Sources */,
				A41F54664534C960EEEDD804 /* PracticeLogTests.swift in Sources */,
				B6599D4FF8CE59B08885AAEB /* SettingsTests.swift in Sources */,
				6EED92452F424F7000E8A491 /* ProgressViewModelTests.swift in Sources */,
			);
			runOnlyForDeploymentPostprocessing = 0;
		};
		D081DD82CFC70508C72F04E2 /* Sources */ = {
			isa = PBXSourcesBuildPhase;
			buildActionMask = 2147483647;
			files = (
				6EED92522F4253CE00E8A491 /* TunerView.swift in Sources */,
				6EF2783C2F426DDA00A513BE /* PitchDetector.swift in Sources */,
				6EF278402F42BE3D00A513BE /* NotificationScheduler.swift in Sources */,
				6EED92492F42505A00E8A491 /* ProgressViewModel.swift in Sources */,
				0C7C571F748A6608481FB2E8 /* AppContainer.swift in Sources */,
				C292D6C7EF36C5E88B4AFAC4 /* Attempt.swift in Sources */,
				42BC4D75157CD11B821F000B /* ContentView.swift in Sources */,
				6EF278442F433E3300A513BE /* ChordProgression.swift in Sources */,
				6EED92472F42504D00E8A491 /* CellDetailSheet.swift in Sources */,
				7C46BB67989E69F57DEF1887 /* FretMasterApp.swift in Sources */,
				07B3EE98A1FAF3ACD66F3105 /* FretboardMap.swift in Sources */,
				6EF2783E2F42784500A513BE /* SettingsView.swift in Sources */,
				6E85C7AE2F43881100677A83 /* Repositories.swift in Sources */,
				C245FD3F42ABD3BC796B9AF7 /* MasteryScore.swift in Sources */,
				6EED92482F42505400E8A491 /* MasteryHeatmapView.swift in Sources */,
				6EF278482F43A00200A513BE /* SessionHeatmapView.swift in Sources */,
				6EF278492F43A00300A513BE /* SessionDetailView.swift in Sources */,
				1DCBD5A31F1020692EA7327A /* MusicalNote.swift in Sources */,
				6EED92462F42504700E8A491 /* ProgressTabView.swift in Sources */,
				6EED92372F42081600E8A491 /* SessionSummaryView.swift in Sources */,
				6EED92382F42081600E8A491 /* QuizViewModel.swift in Sources */,
				6EED92392F42081600E8A491 /* FretboardView.swift in Sources */,
				6EED923A2F42081600E8A491 /* SessionSetupView.swift in Sources */,
				6EED923B2F42081600E8A491 /* QuizView.swift in Sources */,
				4BDA0F8CEEC0B38DA6B44F4D /* Session.swift in Sources */,

				BA56E89066785C3051235503 /* SwiftDataRepositories.swift in Sources */,
				40CB32A7A09C9F632EB5516A /* SwiftDataStore.swift in Sources */,
				1652D6AEA0CAC007A588ACF7 /* UserSettings.swift in Sources */,
				BB11111111111111BB000001 /* MetroDroneModels.swift in Sources */,
				BB11111111111111BB000002 /* MetroDroneEngine.swift in Sources */,
				BB11111111111111BB000003 /* MetroDroneViewModel.swift in Sources */,
				BB11111111111111BB000004 /* MetroDroneView.swift in Sources */,
			);
			runOnlyForDeploymentPostprocessing = 0;
		};
/* End PBXSourcesBuildPhase section */

/* Begin PBXTargetDependency section */
		45E1E101E618112E80E354C3 /* PBXTargetDependency */ = {
			isa = PBXTargetDependency;
			target = 5DE4D079ED0E4BBA11B7151D /* FretMaster */;
			targetProxy = 49CE2932DD4371E27562DC1A /* PBXContainerItemProxy */;
		};
/* End PBXTargetDependency section */

/* Begin XCBuildConfiguration section */
		2185913E38880EBA8D4A7BA2 /* Release */ = {
			isa = XCBuildConfiguration;
			buildSettings = {
				ALWAYS_SEARCH_USER_PATHS = NO;
				CLANG_ANALYZER_NONNULL = YES;
				CLANG_ANALYZER_NUMBER_OBJECT_CONVERSION = YES_AGGRESSIVE;
				CLANG_CXX_LANGUAGE_STANDARD = "gnu++14";
				CLANG_CXX_LIBRARY = "libc++";
				CLANG_ENABLE_MODULES = YES;
				CLANG_ENABLE_OBJC_ARC = YES;
				CLANG_ENABLE_OBJC_WEAK = YES;
				CLANG_WARN_BLOCK_CAPTURE_AUTORELEASING = YES;
				CLANG_WARN_BOOL_CONVERSION = YES;
				CLANG_WARN_COMMA = YES;
				CLANG_WARN_CONSTANT_CONVERSION = YES;
				CLANG_WARN_DEPRECATED_OBJC_IMPLEMENTATIONS = YES;
				CLANG_WARN_DIRECT_OBJC_ISA_USAGE = YES_ERROR;
				CLANG_WARN_DOCUMENTATION_COMMENTS = YES;
				CLANG_WARN_EMPTY_BODY = YES;
				CLANG_WARN_ENUM_CONVERSION = YES;
				CLANG_WARN_INFINITE_RECURSION = YES;
				CLANG_WARN_INT_CONVERSION = YES;
				CLANG_WARN_NON_LITERAL_NULL_CONVERSION = YES;
				CLANG_WARN_OBJC_IMPLICIT_RETAIN_SELF = YES;
				CLANG_WARN_OBJC_LITERAL_CONVERSION = YES;
				CLANG_WARN_OBJC_ROOT_CLASS = YES_ERROR;
				CLANG_WARN_QUOTED_INCLUDE_IN_FRAMEWORK_HEADER = YES;
				CLANG_WARN_RANGE_LOOP_ANALYSIS = YES;
				CLANG_WARN_STRICT_PROTOTYPES = YES;
				CLANG_WARN_SUSPICIOUS_MOVE = YES;
				CLANG_WARN_UNGUARDED_AVAILABILITY = YES_AGGRESSIVE;
				CLANG_WARN_UNREACHABLE_CODE = YES;
				CLANG_WARN__DUPLICATE_METHOD_MATCH = YES;
				COPY_PHASE_STRIP = NO;
				DEBUG_INFORMATION_FORMAT = "dwarf-with-dsym";
				ENABLE_NS_ASSERTIONS = NO;
				ENABLE_STRICT_OBJC_MSGSEND = YES;
				GCC_C_LANGUAGE_STANDARD = gnu11;
				GCC_NO_COMMON_BLOCKS = YES;
				GCC_WARN_64_TO_32_BIT_CONVERSION = YES;
				GCC_WARN_ABOUT_RETURN_TYPE = YES_ERROR;
				GCC_WARN_UNDECLARED_SELECTOR = YES;
				GCC_WARN_UNINITIALIZED_AUTOS = YES_AGGRESSIVE;
				GCC_WARN_UNUSED_FUNCTION = YES;
				GCC_WARN_UNUSED_VARIABLE = YES;
				IPHONEOS_DEPLOYMENT_TARGET = 17.0;
				MTL_ENABLE_DEBUG_INFO = NO;
				MTL_FAST_MATH = YES;
				PRODUCT_NAME = "$(TARGET_NAME)";
				SDKROOT = iphoneos;
				SWIFT_COMPILATION_MODE = wholemodule;
				SWIFT_OPTIMIZATION_LEVEL = "-O";
				SWIFT_VERSION = 5.0;
			};
			name = Release;
		};
		5FEAF6020749FDCA04CBC103 /* Debug */ = {
			isa = XCBuildConfiguration;
			buildSettings = {
				BUNDLE_LOADER = "$(TEST_HOST)";
				DEVELOPMENT_TEAM = W86YKV677Z;
				GENERATE_INFOPLIST_FILE = YES;
				IPHONEOS_DEPLOYMENT_TARGET = 17.0;
				LD_RUNPATH_SEARCH_PATHS = (
					"$(inherited)",
					"@executable_path/Frameworks",
					"@loader_path/Frameworks",
				);
				PRODUCT_BUNDLE_IDENTIFIER = com.jpm.FretMasterTests;
				SDKROOT = iphoneos;
				SWIFT_STRICT_CONCURRENCY = minimal;
				SWIFT_VERSION = 6.0;
				TARGETED_DEVICE_FAMILY = "1,2";
				TEST_HOST = "$(BUILT_PRODUCTS_DIR)/FretMaster.app/FretMaster";
			};
			name = Debug;
		};
		717EDA3CEF0F61A9491BDB19 /* Release */ = {
			isa = XCBuildConfiguration;
			buildSettings = {
				ASSETCATALOG_COMPILER_APPICON_NAME = AppIcon;
				CODE_SIGN_IDENTITY = "iPhone Developer";
				CURRENT_PROJECT_VERSION = 1;
				DEVELOPMENT_TEAM = W86YKV677Z;
				ENABLE_HARDENED_RUNTIME = YES;
				INFOPLIST_FILE = FretMaster/Resources/Info.plist;
				INFOPLIST_KEY_NSMicrophoneUsageDescription = "FretMaster uses the microphone to detect the notes you play on your guitar.";
				INFOPLIST_KEY_UILaunchStoryboardName = "";
				INFOPLIST_KEY_UISupportedInterfaceOrientations_iPhone = UIInterfaceOrientationPortrait;
				IPHONEOS_DEPLOYMENT_TARGET = 17.0;
				LD_RUNPATH_SEARCH_PATHS = (
					"$(inherited)",
					"@executable_path/Frameworks",
				);
				MARKETING_VERSION = 1.0.0;
				PRODUCT_BUNDLE_IDENTIFIER = com.jpm.fretmaster;
				SDKROOT = iphoneos;
				SWIFT_STRICT_CONCURRENCY = complete;
				SWIFT_VERSION = 6.0;
				TARGETED_DEVICE_FAMILY = "1,2";
			};
			name = Release;
		};
		88E41844CE4DBFE75765908A /* Release */ = {
			isa = XCBuildConfiguration;
			buildSettings = {
				BUNDLE_LOADER = "$(TEST_HOST)";
				DEVELOPMENT_TEAM = W86YKV677Z;
				GENERATE_INFOPLIST_FILE = YES;
				IPHONEOS_DEPLOYMENT_TARGET = 17.0;
				LD_RUNPATH_SEARCH_PATHS = (
					"$(inherited)",
					"@executable_path/Frameworks",
					"@loader_path/Frameworks",
				);
				PRODUCT_BUNDLE_IDENTIFIER = com.jpm.FretMasterTests;
				SDKROOT = iphoneos;
				SWIFT_STRICT_CONCURRENCY = minimal;
				SWIFT_VERSION = 6.0;
				TARGETED_DEVICE_FAMILY = "1,2";
				TEST_HOST = "$(BUILT_PRODUCTS_DIR)/FretMaster.app/FretMaster";
			};
			name = Release;
		};
		ACC4019FDCB336D5B596FF40 /* Debug */ = {
			isa = XCBuildConfiguration;
			buildSettings = {
				ASSETCATALOG_COMPILER_APPICON_NAME = AppIcon;
				CODE_SIGN_IDENTITY = "iPhone Developer";
				CURRENT_PROJECT_VERSION = 1;
				DEVELOPMENT_TEAM = W86YKV677Z;
				ENABLE_HARDENED_RUNTIME = YES;
				INFOPLIST_FILE = FretMaster/Resources/Info.plist;
				INFOPLIST_KEY_NSMicrophoneUsageDescription = "FretMaster uses the microphone to detect the notes you play on your guitar.";
				INFOPLIST_KEY_UILaunchStoryboardName = "";
				INFOPLIST_KEY_UISupportedInterfaceOrientations_iPhone = UIInterfaceOrientationPortrait;
				IPHONEOS_DEPLOYMENT_TARGET = 17.0;
				LD_RUNPATH_SEARCH_PATHS = (
					"$(inherited)",
					"@executable_path/Frameworks",
				);
				MARKETING_VERSION = 1.0.0;
				PRODUCT_BUNDLE_IDENTIFIER = com.jpm.fretmaster;
				SDKROOT = iphoneos;
				SWIFT_STRICT_CONCURRENCY = complete;
				SWIFT_VERSION = 6.0;
				TARGETED_DEVICE_FAMILY = "1,2";
			};
			name = Debug;
		};
		AE45A24114BD34490791EC01 /* Debug */ = {
			isa = XCBuildConfiguration;
			buildSettings = {
				ALWAYS_SEARCH_USER_PATHS = NO;
				CLANG_ANALYZER_NONNULL = YES;
				CLANG_ANALYZER_NUMBER_OBJECT_CONVERSION = YES_AGGRESSIVE;
				CLANG_CXX_LANGUAGE_STANDARD = "gnu++14";
				CLANG_CXX_LIBRARY = "libc++";
				CLANG_ENABLE_MODULES = YES;
				CLANG_ENABLE_OBJC_ARC = YES;
				CLANG_ENABLE_OBJC_WEAK = YES;
				CLANG_WARN_BLOCK_CAPTURE_AUTORELEASING = YES;
				CLANG_WARN_BOOL_CONVERSION = YES;
				CLANG_WARN_COMMA = YES;
				CLANG_WARN_CONSTANT_CONVERSION = YES;
				CLANG_WARN_DEPRECATED_OBJC_IMPLEMENTATIONS = YES;
				CLANG_WARN_DIRECT_OBJC_ISA_USAGE = YES_ERROR;
				CLANG_WARN_DOCUMENTATION_COMMENTS = YES;
				CLANG_WARN_EMPTY_BODY = YES;
				CLANG_WARN_ENUM_CONVERSION = YES;
				CLANG_WARN_INFINITE_RECURSION = YES;
				CLANG_WARN_INT_CONVERSION = YES;
				CLANG_WARN_NON_LITERAL_NULL_CONVERSION = YES;
				CLANG_WARN_OBJC_IMPLICIT_RETAIN_SELF = YES;
				CLANG_WARN_OBJC_LITERAL_CONVERSION = YES;
				CLANG_WARN_OBJC_ROOT_CLASS = YES_ERROR;
				CLANG_WARN_QUOTED_INCLUDE_IN_FRAMEWORK_HEADER = YES;
				CLANG_WARN_RANGE_LOOP_ANALYSIS = YES;
				CLANG_WARN_STRICT_PROTOTYPES = YES;
				CLANG_WARN_SUSPICIOUS_MOVE = YES;
				CLANG_WARN_UNGUARDED_AVAILABILITY = YES_AGGRESSIVE;
				CLANG_WARN_UNREACHABLE_CODE = YES;
				CLANG_WARN__DUPLICATE_METHOD_MATCH = YES;
				COPY_PHASE_STRIP = NO;
				DEBUG_INFORMATION_FORMAT = dwarf;
				ENABLE_STRICT_OBJC_MSGSEND = YES;
				ENABLE_TESTABILITY = YES;
				GCC_C_LANGUAGE_STANDARD = gnu11;
				GCC_DYNAMIC_NO_PIC = NO;
				GCC_NO_COMMON_BLOCKS = YES;
				GCC_OPTIMIZATION_LEVEL = 0;
				GCC_PREPROCESSOR_DEFINITIONS = (
					"$(inherited)",
					"DEBUG=1",
				);
				GCC_WARN_64_TO_32_BIT_CONVERSION = YES;
				GCC_WARN_ABOUT_RETURN_TYPE = YES_ERROR;
				GCC_WARN_UNDECLARED_SELECTOR = YES;
				GCC_WARN_UNINITIALIZED_AUTOS = YES_AGGRESSIVE;
				GCC_WARN_UNUSED_FUNCTION = YES;
				GCC_WARN_UNUSED_VARIABLE = YES;
				IPHONEOS_DEPLOYMENT_TARGET = 17.0;
				MTL_ENABLE_DEBUG_INFO = INCLUDE_SOURCE;
				MTL_FAST_MATH = YES;
				ONLY_ACTIVE_ARCH = YES;
				PRODUCT_NAME = "$(TARGET_NAME)";
				SDKROOT = iphoneos;
				SWIFT_ACTIVE_COMPILATION_CONDITIONS = DEBUG;
				SWIFT_OPTIMIZATION_LEVEL = "-Onone";
				SWIFT_VERSION = 5.0;
			};
			name = Debug;
		};
/* End XCBuildConfiguration section */

/* Begin XCConfigurationList section */
		19568D0A8811E1363D889674 /* Build configuration list for PBXProject "FretMaster" */ = {
			isa = XCConfigurationList;
			buildConfigurations = (
				AE45A24114BD34490791EC01 /* Debug */,
				2185913E38880EBA8D4A7BA2 /* Release */,
			);
			defaultConfigurationIsVisible = 0;
			defaultConfigurationName = Debug;
		};
		D97DE4116015D9F59B898142 /* Build configuration list for PBXNativeTarget "FretMasterTests" */ = {
			isa = XCConfigurationList;
			buildConfigurations = (
				5FEAF6020749FDCA04CBC103 /* Debug */,
				88E41844CE4DBFE75765908A /* Release */,
			);
			defaultConfigurationIsVisible = 0;
			defaultConfigurationName = Debug;
		};
		E994572B6AEB929427730532 /* Build configuration list for PBXNativeTarget "FretMaster" */ = {
			isa = XCConfigurationList;
			buildConfigurations = (
				ACC4019FDCB336D5B596FF40 /* Debug */,
				717EDA3CEF0F61A9491BDB19 /* Release */,
			);
			defaultConfigurationIsVisible = 0;
			defaultConfigurationName = Debug;
		};
/* End XCConfigurationList section */
	};
	rootObject = D8FEEA9C9D2110CC1BE1E9D4 /* Project object */;
}
