// !$*UTF8*$!
{
	archiveVersion = 1;
	classes = {
	};
	objectVersion = 63;
	objects = {

/* Begin PBXBuildFile section */
		04EAC52BD44A0E963783AC41 /* SwiftDataRepositories.swift in Sources */ = {isa = PBXBuildFile; fileRef = 5585D79AF4719978F1162821 /* SwiftDataRepositories.swift */; };
		09D112BE6719523B554C46C1 /* FretboardView.swift in Sources */ = {isa = PBXBuildFile; fileRef = 84E518C2706797DAD952F6DB /* FretboardView.swift */; };
		0ED47C8599C45EBD4037907C /* MusicalNote.swift in Sources */ = {isa = PBXBuildFile; fileRef = 0E09B79F825D97199C8FD5CE /* MusicalNote.swift */; };
		12DAA222A1C52E3094C2C70A /* CalibrationEngine.swift in Sources */ = {isa = PBXBuildFile; fileRef = F4A56A5807EDBEDFF6EC3BBB /* CalibrationEngine.swift */; };
		13665AD12E5FA35C52E3F932 /* QuizView.swift in Sources */ = {isa = PBXBuildFile; fileRef = B6FDEB3EA727B49B54ACBB1C /* QuizView.swift */; };
		1C36DA7746079387FF7C0B8C /* ProgressViewModelTests.swift in Sources */ = {isa = PBXBuildFile; fileRef = 7C5E6B98AEE0090E92E72659 /* ProgressViewModelTests.swift */; };
		1D2ADF8BA76519EDEEBE5EF8 /* ChordProgression.swift in Sources */ = {isa = PBXBuildFile; fileRef = 97B0E4D90EBB4ECE1E66BA12 /* ChordProgression.swift */; };
		225F3385FA2C0E8621F17393 /* MasteryScore.swift in Sources */ = {isa = PBXBuildFile; fileRef = AFF9E8822A71F3321284E3E8 /* MasteryScore.swift */; };
		2A150C28DE7C57576FDEF755 /* QuizViewModelTests.swift in Sources */ = {isa = PBXBuildFile; fileRef = 9A49C34D79598F0C40D67A54 /* QuizViewModelTests.swift */; };
		3679E6E6C395D4CF33C3B179 /* FretboardMap.swift in Sources */ = {isa = PBXBuildFile; fileRef = C97A5E570DD542CE6BE2A7DE /* FretboardMap.swift */; };
		39AD25909A0A7C8465961526 /* MusicalNoteTests.swift in Sources */ = {isa = PBXBuildFile; fileRef = D08375D0D742EB497DA8C1B5 /* MusicalNoteTests.swift */; };
		3BA1749981D64C8E7900D5BF /* SignalMeasurementTests.swift in Sources */ = {isa = PBXBuildFile; fileRef = 940F20D459475ADCDF1F786C /* SignalMeasurementTests.swift */; };
		3F84D2B9568EE2A97A7CE465 /* MasteryHeatmapView.swift in Sources */ = {isa = PBXBuildFile; fileRef = 40EADCDC7EF4F4CB8E8D8B6A /* MasteryHeatmapView.swift */; };
		41A8D1A0AB8A3E4CE8AA2D9B /* settings.local.json in Resources */ = {isa = PBXBuildFile; fileRef = 616D897D4D1484E19B0FEA2F /* settings.local.json */; };
		4A962BA3BCC7B96F8E70CA59 /* SessionHeatmapView.swift in Sources */ = {isa = PBXBuildFile; fileRef = 368D92459DC9EF2DC0B7DC23 /* SessionHeatmapView.swift */; };
		4B148157BFA6EBA776C958BF /* SessionSetupView.swift in Sources */ = {isa = PBXBuildFile; fileRef = CC51F46F493695C683DED3DB /* SessionSetupView.swift */; };
		4B5D130E35BADB2648D0E601 /* CalibrationView.swift in Sources */ = {isa = PBXBuildFile; fileRef = B90F2903BC076D7BFEF7665A /* CalibrationView.swift */; };
		509F2DA23C4EB8FEB01F7D33 /* AudioCalibrationProfile.swift in Sources */ = {isa = PBXBuildFile; fileRef = 307D70BE2E5AE3372D94B9EA /* AudioCalibrationProfile.swift */; };
		LS02A1B2C3D4E5F6A7B8C902 /* LaunchScreen.storyboard in Resources */ = {isa = PBXBuildFile; fileRef = LS01A1B2C3D4E5F6A7B8C901 /* LaunchScreen.storyboard */; };
		5A38ACCB8262E273A762BB72 /* Localizable.xcstrings in Resources */ = {isa = PBXBuildFile; fileRef = EA3068AF5B92B465B06046F8 /* Localizable.xcstrings */; };
		60927EE7E18F6D291911D9A0 /* FretboardMapTests.swift in Sources */ = {isa = PBXBuildFile; fileRef = 1DE95D278240B6AAD1413451 /* FretboardMapTests.swift */; };
		6228F3AEE08BA24949576161 /* SettingsView.swift in Sources */ = {isa = PBXBuildFile; fileRef = B249D088A3BF526B9663DD4D /* SettingsView.swift */; };
		654D659635A6043E21B4FDAE /* Repositories.swift in Sources */ = {isa = PBXBuildFile; fileRef = A4EA4F280C0FC2E577EFC3D4 /* Repositories.swift */; };
		6710A90CC35D66AE87B9B2DC /* Assets.xcassets in Resources */ = {isa = PBXBuildFile; fileRef = BD97CC80B02ADF5F5BAE2DAE /* Assets.xcassets */; };
		6D66F7433D9BB948E88D0B8D /* SmartPracticeEngine.swift in Sources */ = {isa = PBXBuildFile; fileRef = 9000B65D24D6BF703F495088 /* SmartPracticeEngine.swift */; };
		721F80E6AEB10D3E83D48022 /* AppContainer.swift in Sources */ = {isa = PBXBuildFile; fileRef = CBA577A659DD4B654B8F0FC8 /* AppContainer.swift */; };
		7BC1FC21CCA1EAF1B325D5CC /* OnboardingView.swift in Sources */ = {isa = PBXBuildFile; fileRef = 6E3FF02A66FF10C9470B4575 /* OnboardingView.swift */; };
		83CA8031BF7C507EDA2148B6 /* SessionSummaryView.swift in Sources */ = {isa = PBXBuildFile; fileRef = 6BFA7C97D6BCC3CC6978867E /* SessionSummaryView.swift */; };
		8C67D2972E1BB431096B7236 /* TunerView.swift in Sources */ = {isa = PBXBuildFile; fileRef = 712A49EB16F90D326925F1C7 /* TunerView.swift */; };
		90C6CE68DFA597F6BC629DCE /* CellDetailSheet.swift in Sources */ = {isa = PBXBuildFile; fileRef = 334441AE15BE47671C39BF23 /* CellDetailSheet.swift */; };
		94BC7C432D4A4DB84D559C90 /* ProgressTabView.swift in Sources */ = {isa = PBXBuildFile; fileRef = A86D768D2FA40411BA07A9A4 /* ProgressTabView.swift */; };
		961097F9A52C883CCA49FA31 /* SignalMeasurement.swift in Sources */ = {isa = PBXBuildFile; fileRef = 1BFFA59339D000888D580604 /* SignalMeasurement.swift */; };
		986007F6C27D088D6917833C /* DesignSystem.swift in Sources */ = {isa = PBXBuildFile; fileRef = 2C90013F9A9FA6F14F8611B3 /* DesignSystem.swift */; };
		993B1B1E58774A2F966F9502 /* MetroDroneModels.swift in Sources */ = {isa = PBXBuildFile; fileRef = F2406449DF0972C37B03AE40 /* MetroDroneModels.swift */; };
		A0251989488DE8BCDA4D42C2 /* QuizViewModel.swift in Sources */ = {isa = PBXBuildFile; fileRef = EE39FECC070CD929CC8445FD /* QuizViewModel.swift */; };
		A30A9F3E0E07877AF42A8560 /* ProgressViewModel.swift in Sources */ = {isa = PBXBuildFile; fileRef = 5103ABD65D82C3BE8DF79C93 /* ProgressViewModel.swift */; };
		A88252FEDB845EF461F7EE69 /* FretShedApp.swift in Sources */ = {isa = PBXBuildFile; fileRef = 0B55D5F37496FC09E7CADD12 /* FretShedApp.swift */; };
		AA74F5FCC07E6521C1E79FB9 /* CompactHeatmapView.swift in Sources */ = {isa = PBXBuildFile; fileRef = 8258E65B255BA29FC05A7AC7 /* CompactHeatmapView.swift */; };
		ANLT01A1B2C3D4E5F6A7B8C9 /* AnalyticsEvents.swift in Sources */ = {isa = PBXBuildFile; fileRef = ANLT02A1B2C3D4E5F6A7B8C9 /* AnalyticsEvents.swift */; };
		AYIN01A1B2C3D4E5F6A7B8C9 /* AccelerateYINTests.swift in Sources */ = {isa = PBXBuildFile; fileRef = AYIN02A1B2C3D4E5F6A7B8C9 /* AccelerateYINTests.swift */; };
		BB01C4D5E6F70812349BC011 /* Montserrat-Black.ttf in Resources */ = {isa = PBXBuildFile; fileRef = AA01B3C4D5E6F7081234AB01 /* Montserrat-Black.ttf */; };
		BB02C4D5E6F70822349BC012 /* Montserrat-ExtraBold.ttf in Resources */ = {isa = PBXBuildFile; fileRef = AA02B3C4D5E6F7082234AB02 /* Montserrat-ExtraBold.ttf */; };
		BB03C4D5E6F70832349BC013 /* Montserrat-Bold.ttf in Resources */ = {isa = PBXBuildFile; fileRef = AA03B3C4D5E6F7083234AB03 /* Montserrat-Bold.ttf */; };
		BB04C4D5E6F70842349BC014 /* Montserrat-SemiBold.ttf in Resources */ = {isa = PBXBuildFile; fileRef = AA04B3C4D5E6F7084234AB04 /* Montserrat-SemiBold.ttf */; };
		BB05C4D5E6F70852349BC015 /* Montserrat-Medium.ttf in Resources */ = {isa = PBXBuildFile; fileRef = AA05B3C4D5E6F7085234AB05 /* Montserrat-Medium.ttf */; };
		BB06C4D5E6F70862349BC016 /* CrimsonPro-Regular.ttf in Resources */ = {isa = PBXBuildFile; fileRef = AA06B3C4D5E6F7086234AB06 /* CrimsonPro-Regular.ttf */; };
		BB07C4D5E6F70872349BC017 /* CrimsonPro-Italic.ttf in Resources */ = {isa = PBXBuildFile; fileRef = AA07B3C4D5E6F7087234AB07 /* CrimsonPro-Italic.ttf */; };
		BB08C4D5E6F70882349BC018 /* JetBrainsMono-Bold.ttf in Resources */ = {isa = PBXBuildFile; fileRef = AA08B3C4D5E6F7088234AB08 /* JetBrainsMono-Bold.ttf */; };
		BB09C4D5E6F70892349BC019 /* JetBrainsMono-SemiBold.ttf in Resources */ = {isa = PBXBuildFile; fileRef = AA09B3C4D5E6F7089234AB09 /* JetBrainsMono-SemiBold.ttf */; };
		BB10C4D5E6F70802349BC010 /* JetBrainsMono-Medium.ttf in Resources */ = {isa = PBXBuildFile; fileRef = AA10B3C4D5E6F7080234AB10 /* JetBrainsMono-Medium.ttf */; };
		BKUP01A1B2C3D4E5F6A7B8C9 /* BackupPayload.swift in Sources */ = {isa = PBXBuildFile; fileRef = BKUP02A1B2C3D4E5F6A7B8C9 /* BackupPayload.swift */; };
		BKUP03A1B2C3D4E5F6A7B8C9 /* BackupManager.swift in Sources */ = {isa = PBXBuildFile; fileRef = BKUP04A1B2C3D4E5F6A7B8C9 /* BackupManager.swift */; };
		C6CBB4F9D7052F2111DD9F7A /* Attempt.swift in Sources */ = {isa = PBXBuildFile; fileRef = FF830EB86FB19BE84235BC01 /* Attempt.swift */; };
		C847309B899C791A4ADA05B3 /* SwiftDataStore.swift in Sources */ = {isa = PBXBuildFile; fileRef = 2E6D4D25DFA640399A966356 /* SwiftDataStore.swift */; };
		C8EBB11FAC1A2296E3FB2591 /* BaselinePrior.swift in Sources */ = {isa = PBXBuildFile; fileRef = 5E9FD485AF026B4DD2A37DAD /* BaselinePrior.swift */; };
		CE44A94F491D5F6CCA57A9E5 /* MetroDroneView.swift in Sources */ = {isa = PBXBuildFile; fileRef = B2BA6E158C16D88608168965 /* MetroDroneView.swift */; };
		D0470482E5CE63A0853FDE7A /* UserSettings.swift in Sources */ = {isa = PBXBuildFile; fileRef = 9594943EB347CFE0054D2D86 /* UserSettings.swift */; };
		D32DCBD142D6A49D7E74EE68 /* PracticeLogTests.swift in Sources */ = {isa = PBXBuildFile; fileRef = A0D7B77AA22E14EB8A7365EA /* PracticeLogTests.swift */; };
		DB87639E0EB0C6EC51A29659 /* NotificationScheduler.swift in Sources */ = {isa = PBXBuildFile; fileRef = FE2D409E59D0757557617013 /* NotificationScheduler.swift */; };
		DCAE617288969A478DD93580 /* MetroDroneViewModel.swift in Sources */ = {isa = PBXBuildFile; fileRef = A95FA82F4B28C9E7BB45E46A /* MetroDroneViewModel.swift */; };
		E1F858BAF82851FEC88FF535 /* MasteryAlgorithmTests.swift in Sources */ = {isa = PBXBuildFile; fileRef = C2A41CF0B30565F2D2FE92A7 /* MasteryAlgorithmTests.swift */; };
		E407C544B041E87FCB8059C5 /* ChordProgressionTests.swift in Sources */ = {isa = PBXBuildFile; fileRef = 3409FE657D2975DA48C4D978 /* ChordProgressionTests.swift */; };
		EC9621D6C7CD303C1C595ACF /* ContentView.swift in Sources */ = {isa = PBXBuildFile; fileRef = 83CC05DC4F6BC279CF06E4BE /* ContentView.swift */; };
		EDBAEC5C732AD9BAF7933ECA /* SessionDetailView.swift in Sources */ = {isa = PBXBuildFile; fileRef = 1EF081CC52C037C265273111 /* SessionDetailView.swift */; };
		F3201BA22FA3FAFF4F0AF8DB /* SettingsTests.swift in Sources */ = {isa = PBXBuildFile; fileRef = 9FE5B2CFA6EF2400E6CCF60B /* SettingsTests.swift */; };
		F42692AFF7D645247CCBD61F /* PitchDetector.swift in Sources */ = {isa = PBXBuildFile; fileRef = 92DAA6EC80EF1378C99C5A2B /* PitchDetector.swift */; };
		F61A5DBE60A36491CFCB4D61 /* MetroDroneEngine.swift in Sources */ = {isa = PBXBuildFile; fileRef = 9795F3F426B68D2C05721457 /* MetroDroneEngine.swift */; };
		F75ADE5B31ABEA32C3CFDFD6 /* Session.swift in Sources */ = {isa = PBXBuildFile; fileRef = CA84B9D839FA48BA14A1A20C /* Session.swift */; };
		PRIV020000000000000000002 /* PrivacyInfo.xcprivacy in Resources */ = {isa = PBXBuildFile; fileRef = PRIV010000000000000000001 /* PrivacyInfo.xcprivacy */; };
		QLC001A1B2C3D4E5F6A7B8C9 /* QuizLaunchCoordinator.swift in Sources */ = {isa = PBXBuildFile; fileRef = QLC002A1B2C3D4E5F6A7B8C9 /* QuizLaunchCoordinator.swift */; };
		SLGL01A1B2C3D4E5F6A7B8C9 /* SubscriptionLegalText.swift in Sources */ = {isa = PBXBuildFile; fileRef = SLGL02A1B2C3D4E5F6A7B8C9 /* SubscriptionLegalText.swift */; };
		TDS001A1B2C3D4E5F6A7B8C9 /* TestDataSeeder.swift in Sources */ = {isa = PBXBuildFile; fileRef = TDS002A1B2C3D4E5F6A7B8C9 /* TestDataSeeder.swift */; };
/* End PBXBuildFile section */

/* Begin PBXContainerItemProxy section */
		EE3B23DF31B5FF8C4A6B4171 /* PBXContainerItemProxy */ = {
			isa = PBXContainerItemProxy;
			containerPortal = 26CA88E02FB5F0BF6BFDC08C /* Project object */;
			proxyType = 1;
			remoteGlobalIDString = 5F88877F67F73744122AA111;
			remoteInfo = FretShed;
		};
/* End PBXContainerItemProxy section */

/* Begin PBXFileReference section */
		0B55D5F37496FC09E7CADD12 /* FretShedApp.swift */ = {isa = PBXFileReference; lastKnownFileType = sourcecode.swift; path = FretShedApp.swift; sourceTree = "<group>"; };
		0E09B79F825D97199C8FD5CE /* MusicalNote.swift */ = {isa = PBXFileReference; lastKnownFileType = sourcecode.swift; path = MusicalNote.swift; sourceTree = "<group>"; };
		11D3BDBDA01662AE732E4282 /* FretShed.app */ = {isa = PBXFileReference; explicitFileType = wrapper.application; includeInIndex = 0; path = FretShed.app; sourceTree = BUILT_PRODUCTS_DIR; };
		1BFFA59339D000888D580604 /* SignalMeasurement.swift */ = {isa = PBXFileReference; lastKnownFileType = sourcecode.swift; path = SignalMeasurement.swift; sourceTree = "<group>"; };
		1DE95D278240B6AAD1413451 /* FretboardMapTests.swift */ = {isa = PBXFileReference; lastKnownFileType = sourcecode.swift; path = FretboardMapTests.swift; sourceTree = "<group>"; };
		1EF081CC52C037C265273111 /* SessionDetailView.swift */ = {isa = PBXFileReference; lastKnownFileType = sourcecode.swift; path = SessionDetailView.swift; sourceTree = "<group>"; };
		2C90013F9A9FA6F14F8611B3 /* DesignSystem.swift */ = {isa = PBXFileReference; lastKnownFileType = sourcecode.swift; path = DesignSystem.swift; sourceTree = "<group>"; };
		2E6D4D25DFA640399A966356 /* SwiftDataStore.swift */ = {isa = PBXFileReference; lastKnownFileType = sourcecode.swift; path = SwiftDataStore.swift; sourceTree = "<group>"; };
		307D70BE2E5AE3372D94B9EA /* AudioCalibrationProfile.swift */ = {isa = PBXFileReference; lastKnownFileType = sourcecode.swift; path = AudioCalibrationProfile.swift; sourceTree = "<group>"; };
		334441AE15BE47671C39BF23 /* CellDetailSheet.swift */ = {isa = PBXFileReference; lastKnownFileType = sourcecode.swift; path = CellDetailSheet.swift; sourceTree = "<group>"; };
		3409FE657D2975DA48C4D978 /* ChordProgressionTests.swift */ = {isa = PBXFileReference; lastKnownFileType = sourcecode.swift; path = ChordProgressionTests.swift; sourceTree = "<group>"; };
		368D92459DC9EF2DC0B7DC23 /* SessionHeatmapView.swift */ = {isa = PBXFileReference; lastKnownFileType = sourcecode.swift; path = SessionHeatmapView.swift; sourceTree = "<group>"; };
		40EADCDC7EF4F4CB8E8D8B6A /* MasteryHeatmapView.swift */ = {isa = PBXFileReference; lastKnownFileType = sourcecode.swift; path = MasteryHeatmapView.swift; sourceTree = "<group>"; };
		5103ABD65D82C3BE8DF79C93 /* ProgressViewModel.swift */ = {isa = PBXFileReference; lastKnownFileType = sourcecode.swift; path = ProgressViewModel.swift; sourceTree = "<group>"; };
		5585D79AF4719978F1162821 /* SwiftDataRepositories.swift */ = {isa = PBXFileReference; lastKnownFileType = sourcecode.swift; path = SwiftDataRepositories.swift; sourceTree = "<group>"; };
		5E9FD485AF026B4DD2A37DAD /* BaselinePrior.swift */ = {isa = PBXFileReference; lastKnownFileType = sourcecode.swift; path = BaselinePrior.swift; sourceTree = "<group>"; };
		616D897D4D1484E19B0FEA2F /* settings.local.json */ = {isa = PBXFileReference; lastKnownFileType = text.json; path = settings.local.json; sourceTree = "<group>"; };
		6BFA7C97D6BCC3CC6978867E /* SessionSummaryView.swift */ = {isa = PBXFileReference; lastKnownFileType = sourcecode.swift; path = SessionSummaryView.swift; sourceTree = "<group>"; };
		6E3FF02A66FF10C9470B4575 /* OnboardingView.swift */ = {isa = PBXFileReference; lastKnownFileType = sourcecode.swift; path = OnboardingView.swift; sourceTree = "<group>"; };
		712A49EB16F90D326925F1C7 /* TunerView.swift */ = {isa = PBXFileReference; lastKnownFileType = sourcecode.swift; path = TunerView.swift; sourceTree = "<group>"; };
		7C5E6B98AEE0090E92E72659 /* ProgressViewModelTests.swift */ = {isa = PBXFileReference; lastKnownFileType = sourcecode.swift; path = ProgressViewModelTests.swift; sourceTree = "<group>"; };
		8258E65B255BA29FC05A7AC7 /* CompactHeatmapView.swift */ = {isa = PBXFileReference; lastKnownFileType = sourcecode.swift; path = CompactHeatmapView.swift; sourceTree = "<group>"; };
		83CC05DC4F6BC279CF06E4BE /* ContentView.swift */ = {isa = PBXFileReference; lastKnownFileType = sourcecode.swift; path = ContentView.swift; sourceTree = "<group>"; };
		84E518C2706797DAD952F6DB /* FretboardView.swift */ = {isa = PBXFileReference; lastKnownFileType = sourcecode.swift; path = FretboardView.swift; sourceTree = "<group>"; };
		9000B65D24D6BF703F495088 /* SmartPracticeEngine.swift */ = {isa = PBXFileReference; lastKnownFileType = sourcecode.swift; path = SmartPracticeEngine.swift; sourceTree = "<group>"; };
		92DAA6EC80EF1378C99C5A2B /* PitchDetector.swift */ = {isa = PBXFileReference; lastKnownFileType = sourcecode.swift; path = PitchDetector.swift; sourceTree = "<group>"; };
		940F20D459475ADCDF1F786C /* SignalMeasurementTests.swift */ = {isa = PBXFileReference; lastKnownFileType = sourcecode.swift; path = SignalMeasurementTests.swift; sourceTree = "<group>"; };
		9594943EB347CFE0054D2D86 /* UserSettings.swift */ = {isa = PBXFileReference; lastKnownFileType = sourcecode.swift; path = UserSettings.swift; sourceTree = "<group>"; };
		9795F3F426B68D2C05721457 /* MetroDroneEngine.swift */ = {isa = PBXFileReference; lastKnownFileType = sourcecode.swift; path = MetroDroneEngine.swift; sourceTree = "<group>"; };
		97B0E4D90EBB4ECE1E66BA12 /* ChordProgression.swift */ = {isa = PBXFileReference; lastKnownFileType = sourcecode.swift; path = ChordProgression.swift; sourceTree = "<group>"; };
		9935814B59638C33E9F835DD /* Local.xcconfig */ = {isa = PBXFileReference; lastKnownFileType = text.xcconfig; path = Local.xcconfig; sourceTree = "<group>"; };
		9A49C34D79598F0C40D67A54 /* QuizViewModelTests.swift */ = {isa = PBXFileReference; lastKnownFileType = sourcecode.swift; path = QuizViewModelTests.swift; sourceTree = "<group>"; };
		9FE5B2CFA6EF2400E6CCF60B /* SettingsTests.swift */ = {isa = PBXFileReference; lastKnownFileType = sourcecode.swift; path = SettingsTests.swift; sourceTree = "<group>"; };
		A0D7B77AA22E14EB8A7365EA /* PracticeLogTests.swift */ = {isa = PBXFileReference; lastKnownFileType = sourcecode.swift; path = PracticeLogTests.swift; sourceTree = "<group>"; };
		A4EA4F280C0FC2E577EFC3D4 /* Repositories.swift */ = {isa = PBXFileReference; lastKnownFileType = sourcecode.swift; path = Repositories.swift; sourceTree = "<group>"; };
		A86D768D2FA40411BA07A9A4 /* ProgressTabView.swift */ = {isa = PBXFileReference; lastKnownFileType = sourcecode.swift; path = ProgressTabView.swift; sourceTree = "<group>"; };
		A95FA82F4B28C9E7BB45E46A /* MetroDroneViewModel.swift */ = {isa = PBXFileReference; lastKnownFileType = sourcecode.swift; path = MetroDroneViewModel.swift; sourceTree = "<group>"; };
		AA01B3C4D5E6F7081234AB01 /* Montserrat-Black.ttf */ = {isa = PBXFileReference; lastKnownFileType = file; path = "Montserrat-Black.ttf"; sourceTree = "<group>"; };
		AA02B3C4D5E6F7082234AB02 /* Montserrat-ExtraBold.ttf */ = {isa = PBXFileReference; lastKnownFileType = file; path = "Montserrat-ExtraBold.ttf"; sourceTree = "<group>"; };
		AA03B3C4D5E6F7083234AB03 /* Montserrat-Bold.ttf */ = {isa = PBXFileReference; lastKnownFileType = file; path = "Montserrat-Bold.ttf"; sourceTree = "<group>"; };
		AA04B3C4D5E6F7084234AB04 /* Montserrat-SemiBold.ttf */ = {isa = PBXFileReference; lastKnownFileType = file; path = "Montserrat-SemiBold.ttf"; sourceTree = "<group>"; };
		AA05B3C4D5E6F7085234AB05 /* Montserrat-Medium.ttf */ = {isa = PBXFileReference; lastKnownFileType = file; path = "Montserrat-Medium.ttf"; sourceTree = "<group>"; };
		AA06B3C4D5E6F7086234AB06 /* CrimsonPro-Regular.ttf */ = {isa = PBXFileReference; lastKnownFileType = file; path = "CrimsonPro-Regular.ttf"; sourceTree = "<group>"; };
		AA07B3C4D5E6F7087234AB07 /* CrimsonPro-Italic.ttf */ = {isa = PBXFileReference; lastKnownFileType = file; path = "CrimsonPro-Italic.ttf"; sourceTree = "<group>"; };
		AA08B3C4D5E6F7088234AB08 /* JetBrainsMono-Bold.ttf */ = {isa = PBXFileReference; lastKnownFileType = file; path = "JetBrainsMono-Bold.ttf"; sourceTree = "<group>"; };
		AA09B3C4D5E6F7089234AB09 /* JetBrainsMono-SemiBold.ttf */ = {isa = PBXFileReference; lastKnownFileType = file; path = "JetBrainsMono-SemiBold.ttf"; sourceTree = "<group>"; };
		AA10B3C4D5E6F7080234AB10 /* JetBrainsMono-Medium.ttf */ = {isa = PBXFileReference; lastKnownFileType = file; path = "JetBrainsMono-Medium.ttf"; sourceTree = "<group>"; };
		AFF9E8822A71F3321284E3E8 /* MasteryScore.swift */ = {isa = PBXFileReference; lastKnownFileType = sourcecode.swift; path = MasteryScore.swift; sourceTree = "<group>"; };
		ANLT02A1B2C3D4E5F6A7B8C9 /* AnalyticsEvents.swift */ = {isa = PBXFileReference; lastKnownFileType = sourcecode.swift; path = AnalyticsEvents.swift; sourceTree = "<group>"; };
		AYIN02A1B2C3D4E5F6A7B8C9 /* AccelerateYINTests.swift */ = {isa = PBXFileReference; lastKnownFileType = sourcecode.swift; path = AccelerateYINTests.swift; sourceTree = "<group>"; };
		B249D088A3BF526B9663DD4D /* SettingsView.swift */ = {isa = PBXFileReference; lastKnownFileType = sourcecode.swift; path = SettingsView.swift; sourceTree = "<group>"; };
		B2BA6E158C16D88608168965 /* MetroDroneView.swift */ = {isa = PBXFileReference; lastKnownFileType = sourcecode.swift; path = MetroDroneView.swift; sourceTree = "<group>"; };
		B6FDEB3EA727B49B54ACBB1C /* QuizView.swift */ = {isa = PBXFileReference; lastKnownFileType = sourcecode.swift; path = QuizView.swift; sourceTree = "<group>"; };
		B90F2903BC076D7BFEF7665A /* CalibrationView.swift */ = {isa = PBXFileReference; lastKnownFileType = sourcecode.swift; path = CalibrationView.swift; sourceTree = "<group>"; };
		BD97CC80B02ADF5F5BAE2DAE /* Assets.xcassets */ = {isa = PBXFileReference; lastKnownFileType = folder.assetcatalog; path = Assets.xcassets; sourceTree = "<group>"; };
		BF480B4836E1BCB9ED08BC78 /* Info.plist */ = {isa = PBXFileReference; lastKnownFileType = text.plist; path = Info.plist; sourceTree = "<group>"; };
		LS01A1B2C3D4E5F6A7B8C901 /* LaunchScreen.storyboard */ = {isa = PBXFileReference; lastKnownFileType = file.storyboard; path = LaunchScreen.storyboard; sourceTree = "<group>"; };
		BKUP02A1B2C3D4E5F6A7B8C9 /* BackupPayload.swift */ = {isa = PBXFileReference; lastKnownFileType = sourcecode.swift; path = BackupPayload.swift; sourceTree = "<group>"; };
		BKUP04A1B2C3D4E5F6A7B8C9 /* BackupManager.swift */ = {isa = PBXFileReference; lastKnownFileType = sourcecode.swift; path = BackupManager.swift; sourceTree = "<group>"; };
		C2A41CF0B30565F2D2FE92A7 /* MasteryAlgorithmTests.swift */ = {isa = PBXFileReference; lastKnownFileType = sourcecode.swift; path = MasteryAlgorithmTests.swift; sourceTree = "<group>"; };
		C97A5E570DD542CE6BE2A7DE /* FretboardMap.swift */ = {isa = PBXFileReference; lastKnownFileType = sourcecode.swift; path = FretboardMap.swift; sourceTree = "<group>"; };
		CA84B9D839FA48BA14A1A20C /* Session.swift */ = {isa = PBXFileReference; lastKnownFileType = sourcecode.swift; path = Session.swift; sourceTree = "<group>"; };
		CBA577A659DD4B654B8F0FC8 /* AppContainer.swift */ = {isa = PBXFileReference; lastKnownFileType = sourcecode.swift; path = AppContainer.swift; sourceTree = "<group>"; };
		CC51F46F493695C683DED3DB /* SessionSetupView.swift */ = {isa = PBXFileReference; lastKnownFileType = sourcecode.swift; path = SessionSetupView.swift; sourceTree = "<group>"; };
		D08375D0D742EB497DA8C1B5 /* MusicalNoteTests.swift */ = {isa = PBXFileReference; lastKnownFileType = sourcecode.swift; path = MusicalNoteTests.swift; sourceTree = "<group>"; };
		EA3068AF5B92B465B06046F8 /* Localizable.xcstrings */ = {isa = PBXFileReference; lastKnownFileType = text.json.xcstrings; path = Localizable.xcstrings; sourceTree = "<group>"; };
		EE39FECC070CD929CC8445FD /* QuizViewModel.swift */ = {isa = PBXFileReference; lastKnownFileType = sourcecode.swift; path = QuizViewModel.swift; sourceTree = "<group>"; };
		F2406449DF0972C37B03AE40 /* MetroDroneModels.swift */ = {isa = PBXFileReference; lastKnownFileType = sourcecode.swift; path = MetroDroneModels.swift; sourceTree = "<group>"; };
		F4A56A5807EDBEDFF6EC3BBB /* CalibrationEngine.swift */ = {isa = PBXFileReference; lastKnownFileType = sourcecode.swift; path = CalibrationEngine.swift; sourceTree = "<group>"; };
		FD139E6B657D0E39796CC232 /* FretShedTests.xctest */ = {isa = PBXFileReference; explicitFileType = wrapper.cfbundle; includeInIndex = 0; path = FretShedTests.xctest; sourceTree = BUILT_PRODUCTS_DIR; };
		FE2D409E59D0757557617013 /* NotificationScheduler.swift */ = {isa = PBXFileReference; lastKnownFileType = sourcecode.swift; path = NotificationScheduler.swift; sourceTree = "<group>"; };
		FF830EB86FB19BE84235BC01 /* Attempt.swift */ = {isa = PBXFileReference; lastKnownFileType = sourcecode.swift; path = Attempt.swift; sourceTree = "<group>"; };
		PRIV010000000000000000001 /* PrivacyInfo.xcprivacy */ = {isa = PBXFileReference; lastKnownFileType = text.xml; path = PrivacyInfo.xcprivacy; sourceTree = "<group>"; };
		QLC002A1B2C3D4E5F6A7B8C9 /* QuizLaunchCoordinator.swift */ = {isa = PBXFileReference; lastKnownFileType = sourcecode.swift; path = QuizLaunchCoordinator.swift; sourceTree = "<group>"; };
		SLGL02A1B2C3D4E5F6A7B8C9 /* SubscriptionLegalText.swift */ = {isa = PBXFileReference; lastKnownFileType = sourcecode.swift; path = SubscriptionLegalText.swift; sourceTree = "<group>"; };
		TDS002A1B2C3D4E5F6A7B8C9 /* TestDataSeeder.swift */ = {isa = PBXFileReference; lastKnownFileType = sourcecode.swift; path = TestDataSeeder.swift; sourceTree = "<group>"; };
/* End PBXFileReference section */

/* Begin PBXGroup section */
		048F14BFF7B3F6CDF335910A /* Calibration */ = {
			isa = PBXGroup;
			children = (
				307D70BE2E5AE3372D94B9EA /* AudioCalibrationProfile.swift */,
				F4A56A5807EDBEDFF6EC3BBB /* CalibrationEngine.swift */,
				B90F2903BC076D7BFEF7665A /* CalibrationView.swift */,
			);
			path = Calibration;
			sourceTree = "<group>";
		};
		081E770ECD554FF54BE510C6 /* Data */ = {
			isa = PBXGroup;
			children = (
				BKUP04A1B2C3D4E5F6A7B8C9 /* BackupManager.swift */,
				BKUP02A1B2C3D4E5F6A7B8C9 /* BackupPayload.swift */,
				8FD22EAFA6F891D4C0D4EEBB /* SwiftData */,
			);
			path = Data;
			sourceTree = "<group>";
		};
		086DFA85E5F606BA42742668 /* UnitTests */ = {
			isa = PBXGroup;
			children = (
				AYIN02A1B2C3D4E5F6A7B8C9 /* AccelerateYINTests.swift */,
				3409FE657D2975DA48C4D978 /* ChordProgressionTests.swift */,
				1DE95D278240B6AAD1413451 /* FretboardMapTests.swift */,
				C2A41CF0B30565F2D2FE92A7 /* MasteryAlgorithmTests.swift */,
				D08375D0D742EB497DA8C1B5 /* MusicalNoteTests.swift */,
				A0D7B77AA22E14EB8A7365EA /* PracticeLogTests.swift */,
				7C5E6B98AEE0090E92E72659 /* ProgressViewModelTests.swift */,
				9A49C34D79598F0C40D67A54 /* QuizViewModelTests.swift */,
				9FE5B2CFA6EF2400E6CCF60B /* SettingsTests.swift */,
				940F20D459475ADCDF1F786C /* SignalMeasurementTests.swift */,
			);
			path = UnitTests;
			sourceTree = "<group>";
		};
		28F354A992ECFC3E26A370E7 /* FretShed */ = {
			isa = PBXGroup;
			children = (
				9935814B59638C33E9F835DD /* Local.xcconfig */,
			);
			name = FretShed;
			path = .;
			sourceTree = "<group>";
		};
		4A5749E5E3EE724458EEB270 /* FretShedTests */ = {
			isa = PBXGroup;
			children = (
				086DFA85E5F606BA42742668 /* UnitTests */,
			);
			path = FretShedTests;
			sourceTree = "<group>";
		};
		4C5302DBE0C5AF52DA8E2B7A /* Domain */ = {
			isa = PBXGroup;
			children = (
				5A0CD1D58E114DDF0C31F7A1 /* Models */,
				C4C7A53F474C105A8F54177C /* Repositories */,
			);
			path = Domain;
			sourceTree = "<group>";
		};
		506BA9E636029B910BF8FF46 = {
			isa = PBXGroup;
			children = (
				FE2D409E59D0757557617013 /* NotificationScheduler.swift */,
				5773D0A6622D273623BE9DF8 /* FretShed */,
				28F354A992ECFC3E26A370E7 /* FretShed */,
				4A5749E5E3EE724458EEB270 /* FretShedTests */,
				7CA537042F0A55611E30B4D7 /* Products */,
			);
			sourceTree = "<group>";
		};
		5773D0A6622D273623BE9DF8 /* FretShed */ = {
			isa = PBXGroup;
			children = (
				986B2F4D7AD62586AA8C125B /* .claude */,
				81693F56DABECB08A376F795 /* App */,
				90924CAC5ED19A68D4C00FDF /* Audio */,
				081E770ECD554FF54BE510C6 /* Data */,
				4C5302DBE0C5AF52DA8E2B7A /* Domain */,
				BA13665D8F3F06590859F52E /* MetroDrone */,
				MONT01A1B2C3D4E5F6A7B8C9 /* Monetization */,
				PRIV010000000000000000001 /* PrivacyInfo.xcprivacy */,
				71D388ABC05CF10ACBDE9C19 /* Progress */,
				89BC6702E62D7C0D2F409682 /* Quiz */,
				B07972DF07A9BB93F6C04F24 /* Resources */,
				5B8B3473E3FF274F645F732F /* Tuner */,
			);
			path = FretShed;
			sourceTree = "<group>";
		};
		5A0CD1D58E114DDF0C31F7A1 /* Models */ = {
			isa = PBXGroup;
			children = (
				FF830EB86FB19BE84235BC01 /* Attempt.swift */,
				C97A5E570DD542CE6BE2A7DE /* FretboardMap.swift */,
				AFF9E8822A71F3321284E3E8 /* MasteryScore.swift */,
				F2406449DF0972C37B03AE40 /* MetroDroneModels.swift */,
				0E09B79F825D97199C8FD5CE /* MusicalNote.swift */,
				CA84B9D839FA48BA14A1A20C /* Session.swift */,
				9594943EB347CFE0054D2D86 /* UserSettings.swift */,
			);
			path = Models;
			sourceTree = "<group>";
		};
		5B8B3473E3FF274F645F732F /* Tuner */ = {
			isa = PBXGroup;
			children = (
				92DAA6EC80EF1378C99C5A2B /* PitchDetector.swift */,
				B249D088A3BF526B9663DD4D /* SettingsView.swift */,
				712A49EB16F90D326925F1C7 /* TunerView.swift */,
			);
			path = Tuner;
			sourceTree = "<group>";
		};
		71D388ABC05CF10ACBDE9C19 /* Progress */ = {
			isa = PBXGroup;
			children = (
				334441AE15BE47671C39BF23 /* CellDetailSheet.swift */,
				97B0E4D90EBB4ECE1E66BA12 /* ChordProgression.swift */,
				8258E65B255BA29FC05A7AC7 /* CompactHeatmapView.swift */,
				40EADCDC7EF4F4CB8E8D8B6A /* MasteryHeatmapView.swift */,
				A86D768D2FA40411BA07A9A4 /* ProgressTabView.swift */,
				5103ABD65D82C3BE8DF79C93 /* ProgressViewModel.swift */,
				1EF081CC52C037C265273111 /* SessionDetailView.swift */,
				368D92459DC9EF2DC0B7DC23 /* SessionHeatmapView.swift */,
			);
			path = Progress;
			sourceTree = "<group>";
		};
		7CA537042F0A55611E30B4D7 /* Products */ = {
			isa = PBXGroup;
			children = (
				11D3BDBDA01662AE732E4282 /* FretShed.app */,
				FD139E6B657D0E39796CC232 /* FretShedTests.xctest */,
			);
			name = Products;
			sourceTree = "<group>";
		};
		81693F56DABECB08A376F795 /* App */ = {
			isa = PBXGroup;
			children = (
				CBA577A659DD4B654B8F0FC8 /* AppContainer.swift */,
				5E9FD485AF026B4DD2A37DAD /* BaselinePrior.swift */,
				83CC05DC4F6BC279CF06E4BE /* ContentView.swift */,
				2C90013F9A9FA6F14F8611B3 /* DesignSystem.swift */,
				0B55D5F37496FC09E7CADD12 /* FretShedApp.swift */,
				6E3FF02A66FF10C9470B4575 /* OnboardingView.swift */,
				QLC002A1B2C3D4E5F6A7B8C9 /* QuizLaunchCoordinator.swift */,
				TDS002A1B2C3D4E5F6A7B8C9 /* TestDataSeeder.swift */,
			);
			path = App;
			sourceTree = "<group>";
		};
		89BC6702E62D7C0D2F409682 /* Quiz */ = {
			isa = PBXGroup;
			children = (
				84E518C2706797DAD952F6DB /* FretboardView.swift */,
				B6FDEB3EA727B49B54ACBB1C /* QuizView.swift */,
				EE39FECC070CD929CC8445FD /* QuizViewModel.swift */,
				CC51F46F493695C683DED3DB /* SessionSetupView.swift */,
				6BFA7C97D6BCC3CC6978867E /* SessionSummaryView.swift */,
				9000B65D24D6BF703F495088 /* SmartPracticeEngine.swift */,
			);
			path = Quiz;
			sourceTree = "<group>";
		};
		8FD22EAFA6F891D4C0D4EEBB /* SwiftData */ = {
			isa = PBXGroup;
			children = (
				5585D79AF4719978F1162821 /* SwiftDataRepositories.swift */,
				2E6D4D25DFA640399A966356 /* SwiftDataStore.swift */,
			);
			path = SwiftData;
			sourceTree = "<group>";
		};
		90924CAC5ED19A68D4C00FDF /* Audio */ = {
			isa = PBXGroup;
			children = (
				9795F3F426B68D2C05721457 /* MetroDroneEngine.swift */,
				1BFFA59339D000888D580604 /* SignalMeasurement.swift */,
				048F14BFF7B3F6CDF335910A /* Calibration */,
			);
			path = Audio;
			sourceTree = "<group>";
		};
		986B2F4D7AD62586AA8C125B /* .claude */ = {
			isa = PBXGroup;
			children = (
				616D897D4D1484E19B0FEA2F /* settings.local.json */,
			);
			path = .claude;
			sourceTree = "<group>";
		};
		B07972DF07A9BB93F6C04F24 /* Resources */ = {
			isa = PBXGroup;
			children = (
				BD97CC80B02ADF5F5BAE2DAE /* Assets.xcassets */,
				CC01D5E6F708123456789ABC /* Fonts */,
				BF480B4836E1BCB9ED08BC78 /* Info.plist */,
				LS01A1B2C3D4E5F6A7B8C901 /* LaunchScreen.storyboard */,
				EA3068AF5B92B465B06046F8 /* Localizable.xcstrings */,
			);
			path = Resources;
			sourceTree = "<group>";
		};
		BA13665D8F3F06590859F52E /* MetroDrone */ = {
			isa = PBXGroup;
			children = (
				B2BA6E158C16D88608168965 /* MetroDroneView.swift */,
				A95FA82F4B28C9E7BB45E46A /* MetroDroneViewModel.swift */,
			);
			path = MetroDrone;
			sourceTree = "<group>";
		};
		C4C7A53F474C105A8F54177C /* Repositories */ = {
			isa = PBXGroup;
			children = (
				A4EA4F280C0FC2E577EFC3D4 /* Repositories.swift */,
			);
			path = Repositories;
			sourceTree = "<group>";
		};
		CC01D5E6F708123456789ABC /* Fonts */ = {
			isa = PBXGroup;
			children = (
				AA06B3C4D5E6F7086234AB06 /* CrimsonPro-Regular.ttf */,
				AA07B3C4D5E6F7087234AB07 /* CrimsonPro-Italic.ttf */,
				AA08B3C4D5E6F7088234AB08 /* JetBrainsMono-Bold.ttf */,
				AA10B3C4D5E6F7080234AB10 /* JetBrainsMono-Medium.ttf */,
				AA09B3C4D5E6F7089234AB09 /* JetBrainsMono-SemiBold.ttf */,
				AA01B3C4D5E6F7081234AB01 /* Montserrat-Black.ttf */,
				AA03B3C4D5E6F7083234AB03 /* Montserrat-Bold.ttf */,
				AA02B3C4D5E6F7082234AB02 /* Montserrat-ExtraBold.ttf */,
				AA05B3C4D5E6F7085234AB05 /* Montserrat-Medium.ttf */,
				AA04B3C4D5E6F7084234AB04 /* Montserrat-SemiBold.ttf */,
			);
			path = Fonts;
			sourceTree = "<group>";
		};
		MONT01A1B2C3D4E5F6A7B8C9 /* Monetization */ = {
			isa = PBXGroup;
			children = (
				ANLT02A1B2C3D4E5F6A7B8C9 /* AnalyticsEvents.swift */,
				SLGL02A1B2C3D4E5F6A7B8C9 /* SubscriptionLegalText.swift */,
			);
			path = Monetization;
			sourceTree = "<group>";
		};
/* End PBXGroup section */

/* Begin PBXNativeTarget section */
		5F88877F67F73744122AA111 /* FretShed */ = {
			isa = PBXNativeTarget;
			buildConfigurationList = 8067908426EB1D6235B74C05 /* Build configuration list for PBXNativeTarget "FretShed" */;
			buildPhases = (
				2BFEA5833D0236F70709655D /* Sources */,
				B38A3E515EE8F7AE65E0EF2F /* Resources */,
			);
			buildRules = (
			);
			dependencies = (
			);
			name = FretShed;
			packageProductDependencies = (
			);
			productName = FretShed;
			productReference = 11D3BDBDA01662AE732E4282 /* FretShed.app */;
			productType = "com.apple.product-type.application";
		};
		EB2016C4CF37D8A8E7EB475B /* FretShedTests */ = {
			isa = PBXNativeTarget;
			buildConfigurationList = D544BC382C823FDB70046F3D /* Build configuration list for PBXNativeTarget "FretShedTests" */;
			buildPhases = (
				B9A790548B82E3EA3EF64359 /* Sources */,
			);
			buildRules = (
			);
			dependencies = (
				7762E3A69947B53523BBFC98 /* PBXTargetDependency */,
			);
			name = FretShedTests;
			packageProductDependencies = (
			);
			productName = FretShedTests;
			productReference = FD139E6B657D0E39796CC232 /* FretShedTests.xctest */;
			productType = "com.apple.product-type.bundle.unit-test";
		};
/* End PBXNativeTarget section */

/* Begin PBXProject section */
		26CA88E02FB5F0BF6BFDC08C /* Project object */ = {
			isa = PBXProject;
			attributes = {
				BuildIndependentTargetsInParallel = YES;
				LastUpgradeCheck = 2630;
				TargetAttributes = {
					5F88877F67F73744122AA111 = {
						DevelopmentTeam = W86YKV677Z;
					};
				};
			};
			buildConfigurationList = C3EB24449BB91D4EA0C05F13 /* Build configuration list for PBXProject "FretShed" */;
			compatibilityVersion = "Xcode 14.0";
			developmentRegion = en;
			hasScannedForEncodings = 0;
			knownRegions = (
				Base,
				en,
			);
			mainGroup = 506BA9E636029B910BF8FF46;
			minimizedProjectReferenceProxies = 1;
			projectDirPath = "";
			projectRoot = "";
			targets = (
				5F88877F67F73744122AA111 /* FretShed */,
				EB2016C4CF37D8A8E7EB475B /* FretShedTests */,
			);
		};
/* End PBXProject section */

/* Begin PBXResourcesBuildPhase section */
		B38A3E515EE8F7AE65E0EF2F /* Resources */ = {
			isa = PBXResourcesBuildPhase;
			buildActionMask = 2147483647;
			files = (
				6710A90CC35D66AE87B9B2DC /* Assets.xcassets in Resources */,
				BB06C4D5E6F70862349BC016 /* CrimsonPro-Regular.ttf in Resources */,
				BB07C4D5E6F70872349BC017 /* CrimsonPro-Italic.ttf in Resources */,
				BB08C4D5E6F70882349BC018 /* JetBrainsMono-Bold.ttf in Resources */,
				BB10C4D5E6F70802349BC010 /* JetBrainsMono-Medium.ttf in Resources */,
				BB09C4D5E6F70892349BC019 /* JetBrainsMono-SemiBold.ttf in Resources */,
				LS02A1B2C3D4E5F6A7B8C902 /* LaunchScreen.storyboard in Resources */,
				5A38ACCB8262E273A762BB72 /* Localizable.xcstrings in Resources */,
				BB01C4D5E6F70812349BC011 /* Montserrat-Black.ttf in Resources */,
				BB03C4D5E6F70832349BC013 /* Montserrat-Bold.ttf in Resources */,
				BB02C4D5E6F70822349BC012 /* Montserrat-ExtraBold.ttf in Resources */,
				BB05C4D5E6F70852349BC015 /* Montserrat-Medium.ttf in Resources */,
				BB04C4D5E6F70842349BC014 /* Montserrat-SemiBold.ttf in Resources */,
				PRIV020000000000000000002 /* PrivacyInfo.xcprivacy in Resources */,
				41A8D1A0AB8A3E4CE8AA2D9B /* settings.local.json in Resources */,
			);
			runOnlyForDeploymentPostprocessing = 0;
		};
/* End PBXResourcesBuildPhase section */

/* Begin PBXSourcesBuildPhase section */
		2BFEA5833D0236F70709655D /* Sources */ = {
			isa = PBXSourcesBuildPhase;
			buildActionMask = 2147483647;
			files = (
				721F80E6AEB10D3E83D48022 /* AppContainer.swift in Sources */,
				C6CBB4F9D7052F2111DD9F7A /* Attempt.swift in Sources */,
				509F2DA23C4EB8FEB01F7D33 /* AudioCalibrationProfile.swift in Sources */,
				BKUP01A1B2C3D4E5F6A7B8C9 /* BackupPayload.swift in Sources */,
				BKUP03A1B2C3D4E5F6A7B8C9 /* BackupManager.swift in Sources */,
				12DAA222A1C52E3094C2C70A /* CalibrationEngine.swift in Sources */,
				4B5D130E35BADB2648D0E601 /* CalibrationView.swift in Sources */,
				90C6CE68DFA597F6BC629DCE /* CellDetailSheet.swift in Sources */,
				1D2ADF8BA76519EDEEBE5EF8 /* ChordProgression.swift in Sources */,
				EC9621D6C7CD303C1C595ACF /* ContentView.swift in Sources */,
				986007F6C27D088D6917833C /* DesignSystem.swift in Sources */,
				A88252FEDB845EF461F7EE69 /* FretShedApp.swift in Sources */,
				3679E6E6C395D4CF33C3B179 /* FretboardMap.swift in Sources */,
				09D112BE6719523B554C46C1 /* FretboardView.swift in Sources */,
				3F84D2B9568EE2A97A7CE465 /* MasteryHeatmapView.swift in Sources */,
				225F3385FA2C0E8621F17393 /* MasteryScore.swift in Sources */,
				F61A5DBE60A36491CFCB4D61 /* MetroDroneEngine.swift in Sources */,
				993B1B1E58774A2F966F9502 /* MetroDroneModels.swift in Sources */,
				CE44A94F491D5F6CCA57A9E5 /* MetroDroneView.swift in Sources */,
				DCAE617288969A478DD93580 /* MetroDroneViewModel.swift in Sources */,
				0ED47C8599C45EBD4037907C /* MusicalNote.swift in Sources */,
				DB87639E0EB0C6EC51A29659 /* NotificationScheduler.swift in Sources */,
				7BC1FC21CCA1EAF1B325D5CC /* OnboardingView.swift in Sources */,
				F42692AFF7D645247CCBD61F /* PitchDetector.swift in Sources */,
				94BC7C432D4A4DB84D559C90 /* ProgressTabView.swift in Sources */,
				A30A9F3E0E07877AF42A8560 /* ProgressViewModel.swift in Sources */,
				ANLT01A1B2C3D4E5F6A7B8C9 /* AnalyticsEvents.swift in Sources */,
				C8EBB11FAC1A2296E3FB2591 /* BaselinePrior.swift in Sources */,
				TDS001A1B2C3D4E5F6A7B8C9 /* TestDataSeeder.swift in Sources */,
				AA74F5FCC07E6521C1E79FB9 /* CompactHeatmapView.swift in Sources */,
				SLGL01A1B2C3D4E5F6A7B8C9 /* SubscriptionLegalText.swift in Sources */,
				QLC001A1B2C3D4E5F6A7B8C9 /* QuizLaunchCoordinator.swift in Sources */,
				13665AD12E5FA35C52E3F932 /* QuizView.swift in Sources */,
				A0251989488DE8BCDA4D42C2 /* QuizViewModel.swift in Sources */,
				654D659635A6043E21B4FDAE /* Repositories.swift in Sources */,
				F75ADE5B31ABEA32C3CFDFD6 /* Session.swift in Sources */,
				EDBAEC5C732AD9BAF7933ECA /* SessionDetailView.swift in Sources */,
				4A962BA3BCC7B96F8E70CA59 /* SessionHeatmapView.swift in Sources */,
				4B148157BFA6EBA776C958BF /* SessionSetupView.swift in Sources */,
				83CA8031BF7C507EDA2148B6 /* SessionSummaryView.swift in Sources */,
				6228F3AEE08BA24949576161 /* SettingsView.swift in Sources */,
				961097F9A52C883CCA49FA31 /* SignalMeasurement.swift in Sources */,
				6D66F7433D9BB948E88D0B8D /* SmartPracticeEngine.swift in Sources */,
				04EAC52BD44A0E963783AC41 /* SwiftDataRepositories.swift in Sources */,
				C847309B899C791A4ADA05B3 /* SwiftDataStore.swift in Sources */,
				8C67D2972E1BB431096B7236 /* TunerView.swift in Sources */,
				D0470482E5CE63A0853FDE7A /* UserSettings.swift in Sources */,
			);
			runOnlyForDeploymentPostprocessing = 0;
		};
		B9A790548B82E3EA3EF64359 /* Sources */ = {
			isa = PBXSourcesBuildPhase;
			buildActionMask = 2147483647;
			files = (
				AYIN01A1B2C3D4E5F6A7B8C9 /* AccelerateYINTests.swift in Sources */,
				E407C544B041E87FCB8059C5 /* ChordProgressionTests.swift in Sources */,
				60927EE7E18F6D291911D9A0 /* FretboardMapTests.swift in Sources */,
				E1F858BAF82851FEC88FF535 /* MasteryAlgorithmTests.swift in Sources */,
				39AD25909A0A7C8465961526 /* MusicalNoteTests.swift in Sources */,
				D32DCBD142D6A49D7E74EE68 /* PracticeLogTests.swift in Sources */,
				1C36DA7746079387FF7C0B8C /* ProgressViewModelTests.swift in Sources */,
				2A150C28DE7C57576FDEF755 /* QuizViewModelTests.swift in Sources */,
				F3201BA22FA3FAFF4F0AF8DB /* SettingsTests.swift in Sources */,
				3BA1749981D64C8E7900D5BF /* SignalMeasurementTests.swift in Sources */,
			);
			runOnlyForDeploymentPostprocessing = 0;
		};
/* End PBXSourcesBuildPhase section */

/* Begin PBXTargetDependency section */
		7762E3A69947B53523BBFC98 /* PBXTargetDependency */ = {
			isa = PBXTargetDependency;
			target = 5F88877F67F73744122AA111 /* FretShed */;
			targetProxy = EE3B23DF31B5FF8C4A6B4171 /* PBXContainerItemProxy */;
		};
/* End PBXTargetDependency section */

/* Begin XCBuildConfiguration section */
		06F83BE2B2E99F5DF017C5B9 /* Release */ = {
			isa = XCBuildConfiguration;
			baseConfigurationReference = 9935814B59638C33E9F835DD /* Local.xcconfig */;
			buildSettings = {
				ASSETCATALOG_COMPILER_APPICON_NAME = AppIcon;
				CODE_SIGN_IDENTITY = "iPhone Developer";
				CURRENT_PROJECT_VERSION = 1;
				ENABLE_HARDENED_RUNTIME = YES;
				INFOPLIST_FILE = FretShed/Resources/Info.plist;
				INFOPLIST_KEY_NSMicrophoneUsageDescription = "FretShed uses the microphone to detect the notes you play on your guitar.";
				INFOPLIST_KEY_UISupportedInterfaceOrientations_iPhone = "UIInterfaceOrientationPortrait UIInterfaceOrientationLandscapeLeft UIInterfaceOrientationLandscapeRight";
				IPHONEOS_DEPLOYMENT_TARGET = 17.0;
				LD_RUNPATH_SEARCH_PATHS = (
					"$(inherited)",
					"@executable_path/Frameworks",
				);
				MARKETING_VERSION = 1.0.0;
				PRODUCT_BUNDLE_IDENTIFIER = com.jpm.fretshed;
				SDKROOT = iphoneos;
				SWIFT_STRICT_CONCURRENCY = complete;
				SWIFT_VERSION = 6.0;
				TARGETED_DEVICE_FAMILY = "1,2";
			};
			name = Release;
		};
		427AF0FECEA48FBC29880A6E /* Debug */ = {
			isa = XCBuildConfiguration;
			buildSettings = {
				BUNDLE_LOADER = "$(TEST_HOST)";
				GENERATE_INFOPLIST_FILE = YES;
				IPHONEOS_DEPLOYMENT_TARGET = 17.0;
				LD_RUNPATH_SEARCH_PATHS = (
					"$(inherited)",
					"@executable_path/Frameworks",
					"@loader_path/Frameworks",
				);
				PRODUCT_BUNDLE_IDENTIFIER = com.jpm.FretShedTests;
				SDKROOT = iphoneos;
				SWIFT_VERSION = 6.0;
				TARGETED_DEVICE_FAMILY = "1,2";
				TEST_HOST = "$(BUILT_PRODUCTS_DIR)/FretShed.app/FretShed";
			};
			name = Debug;
		};
		5C426166D57AD4358B4D1E41 /* Debug */ = {
			isa = XCBuildConfiguration;
			baseConfigurationReference = 9935814B59638C33E9F835DD /* Local.xcconfig */;
			buildSettings = {
				ASSETCATALOG_COMPILER_APPICON_NAME = AppIcon;
				CODE_SIGN_IDENTITY = "iPhone Developer";
				CURRENT_PROJECT_VERSION = 1;
				ENABLE_HARDENED_RUNTIME = YES;
				INFOPLIST_FILE = FretShed/Resources/Info.plist;
				INFOPLIST_KEY_NSMicrophoneUsageDescription = "FretShed uses the microphone to detect the notes you play on your guitar.";
				INFOPLIST_KEY_UISupportedInterfaceOrientations_iPhone = "UIInterfaceOrientationPortrait UIInterfaceOrientationLandscapeLeft UIInterfaceOrientationLandscapeRight";
				IPHONEOS_DEPLOYMENT_TARGET = 17.0;
				LD_RUNPATH_SEARCH_PATHS = (
					"$(inherited)",
					"@executable_path/Frameworks",
				);
				MARKETING_VERSION = 1.0.0;
				PRODUCT_BUNDLE_IDENTIFIER = com.jpm.fretshed;
				SDKROOT = iphoneos;
				SWIFT_STRICT_CONCURRENCY = complete;
				SWIFT_VERSION = 6.0;
				TARGETED_DEVICE_FAMILY = "1,2";
			};
			name = Debug;
		};
		5F0960DEE1EB7295F6044522 /* Release */ = {
			isa = XCBuildConfiguration;
			buildSettings = {
				BUNDLE_LOADER = "$(TEST_HOST)";
				GENERATE_INFOPLIST_FILE = YES;
				IPHONEOS_DEPLOYMENT_TARGET = 17.0;
				LD_RUNPATH_SEARCH_PATHS = (
					"$(inherited)",
					"@executable_path/Frameworks",
					"@loader_path/Frameworks",
				);
				PRODUCT_BUNDLE_IDENTIFIER = com.jpm.FretShedTests;
				SDKROOT = iphoneos;
				SWIFT_VERSION = 6.0;
				TARGETED_DEVICE_FAMILY = "1,2";
				TEST_HOST = "$(BUILT_PRODUCTS_DIR)/FretShed.app/FretShed";
			};
			name = Release;
		};
		9FE7530E3A914B8AACAECA88 /* Debug */ = {
			isa = XCBuildConfiguration;
			buildSettings = {
				ALWAYS_SEARCH_USER_PATHS = NO;
				CLANG_ANALYZER_NONNULL = YES;
				CLANG_ANALYZER_NUMBER_OBJECT_CONVERSION = YES_AGGRESSIVE;
				CLANG_CXX_LANGUAGE_STANDARD = "gnu++14";
				CLANG_CXX_LIBRARY = "libc++";
				CLANG_ENABLE_MODULES = YES;
				CLANG_ENABLE_OBJC_ARC = YES;
				CLANG_ENABLE_OBJC_WEAK = YES;
				CLANG_WARN_BLOCK_CAPTURE_AUTORELEASING = YES;
				CLANG_WARN_BOOL_CONVERSION = YES;
				CLANG_WARN_COMMA = YES;
				CLANG_WARN_CONSTANT_CONVERSION = YES;
				CLANG_WARN_DEPRECATED_OBJC_IMPLEMENTATIONS = YES;
				CLANG_WARN_DIRECT_OBJC_ISA_USAGE = YES_ERROR;
				CLANG_WARN_DOCUMENTATION_COMMENTS = YES;
				CLANG_WARN_EMPTY_BODY = YES;
				CLANG_WARN_ENUM_CONVERSION = YES;
				CLANG_WARN_INFINITE_RECURSION = YES;
				CLANG_WARN_INT_CONVERSION = YES;
				CLANG_WARN_NON_LITERAL_NULL_CONVERSION = YES;
				CLANG_WARN_OBJC_IMPLICIT_RETAIN_SELF = YES;
				CLANG_WARN_OBJC_LITERAL_CONVERSION = YES;
				CLANG_WARN_OBJC_ROOT_CLASS = YES_ERROR;
				CLANG_WARN_QUOTED_INCLUDE_IN_FRAMEWORK_HEADER = YES;
				CLANG_WARN_RANGE_LOOP_ANALYSIS = YES;
				CLANG_WARN_STRICT_PROTOTYPES = YES;
				CLANG_WARN_SUSPICIOUS_MOVE = YES;
				CLANG_WARN_UNGUARDED_AVAILABILITY = YES_AGGRESSIVE;
				CLANG_WARN_UNREACHABLE_CODE = YES;
				CLANG_WARN__DUPLICATE_METHOD_MATCH = YES;
				COPY_PHASE_STRIP = NO;
				DEBUG_INFORMATION_FORMAT = dwarf;
				ENABLE_STRICT_OBJC_MSGSEND = YES;
				ENABLE_TESTABILITY = YES;
				ENABLE_USER_SCRIPT_SANDBOXING = YES;
				GCC_C_LANGUAGE_STANDARD = gnu11;
				GCC_DYNAMIC_NO_PIC = NO;
				GCC_NO_COMMON_BLOCKS = YES;
				GCC_OPTIMIZATION_LEVEL = 0;
				GCC_PREPROCESSOR_DEFINITIONS = (
					"$(inherited)",
					"DEBUG=1",
				);
				GCC_WARN_64_TO_32_BIT_CONVERSION = YES;
				GCC_WARN_ABOUT_RETURN_TYPE = YES_ERROR;
				GCC_WARN_UNDECLARED_SELECTOR = YES;
				GCC_WARN_UNINITIALIZED_AUTOS = YES_AGGRESSIVE;
				GCC_WARN_UNUSED_FUNCTION = YES;
				GCC_WARN_UNUSED_VARIABLE = YES;
				IPHONEOS_DEPLOYMENT_TARGET = 17.0;
				MTL_ENABLE_DEBUG_INFO = INCLUDE_SOURCE;
				MTL_FAST_MATH = YES;
				ONLY_ACTIVE_ARCH = YES;
				PRODUCT_NAME = "$(TARGET_NAME)";
				SDKROOT = iphoneos;
				STRING_CATALOG_GENERATE_SYMBOLS = YES;
				SWIFT_ACTIVE_COMPILATION_CONDITIONS = DEBUG;
				SWIFT_OPTIMIZATION_LEVEL = "-Onone";
				SWIFT_VERSION = 5.0;
			};
			name = Debug;
		};
		A7A77A3ABE2B5DC21B85120D /* Release */ = {
			isa = XCBuildConfiguration;
			buildSettings = {
				ALWAYS_SEARCH_USER_PATHS = NO;
				CLANG_ANALYZER_NONNULL = YES;
				CLANG_ANALYZER_NUMBER_OBJECT_CONVERSION = YES_AGGRESSIVE;
				CLANG_CXX_LANGUAGE_STANDARD = "gnu++14";
				CLANG_CXX_LIBRARY = "libc++";
				CLANG_ENABLE_MODULES = YES;
				CLANG_ENABLE_OBJC_ARC = YES;
				CLANG_ENABLE_OBJC_WEAK = YES;
				CLANG_WARN_BLOCK_CAPTURE_AUTORELEASING = YES;
				CLANG_WARN_BOOL_CONVERSION = YES;
				CLANG_WARN_COMMA = YES;
				CLANG_WARN_CONSTANT_CONVERSION = YES;
				CLANG_WARN_DEPRECATED_OBJC_IMPLEMENTATIONS = YES;
				CLANG_WARN_DIRECT_OBJC_ISA_USAGE = YES_ERROR;
				CLANG_WARN_DOCUMENTATION_COMMENTS = YES;
				CLANG_WARN_EMPTY_BODY = YES;
				CLANG_WARN_ENUM_CONVERSION = YES;
				CLANG_WARN_INFINITE_RECURSION = YES;
				CLANG_WARN_INT_CONVERSION = YES;
				CLANG_WARN_NON_LITERAL_NULL_CONVERSION = YES;
				CLANG_WARN_OBJC_IMPLICIT_RETAIN_SELF = YES;
				CLANG_WARN_OBJC_LITERAL_CONVERSION = YES;
				CLANG_WARN_OBJC_ROOT_CLASS = YES_ERROR;
				CLANG_WARN_QUOTED_INCLUDE_IN_FRAMEWORK_HEADER = YES;
				CLANG_WARN_RANGE_LOOP_ANALYSIS = YES;
				CLANG_WARN_STRICT_PROTOTYPES = YES;
				CLANG_WARN_SUSPICIOUS_MOVE = YES;
				CLANG_WARN_UNGUARDED_AVAILABILITY = YES_AGGRESSIVE;
				CLANG_WARN_UNREACHABLE_CODE = YES;
				CLANG_WARN__DUPLICATE_METHOD_MATCH = YES;
				COPY_PHASE_STRIP = NO;
				DEBUG_INFORMATION_FORMAT = "dwarf-with-dsym";
				ENABLE_NS_ASSERTIONS = NO;
				ENABLE_STRICT_OBJC_MSGSEND = YES;
				ENABLE_USER_SCRIPT_SANDBOXING = YES;
				GCC_C_LANGUAGE_STANDARD = gnu11;
				GCC_NO_COMMON_BLOCKS = YES;
				GCC_WARN_64_TO_32_BIT_CONVERSION = YES;
				GCC_WARN_ABOUT_RETURN_TYPE = YES_ERROR;
				GCC_WARN_UNDECLARED_SELECTOR = YES;
				GCC_WARN_UNINITIALIZED_AUTOS = YES_AGGRESSIVE;
				GCC_WARN_UNUSED_FUNCTION = YES;
				GCC_WARN_UNUSED_VARIABLE = YES;
				IPHONEOS_DEPLOYMENT_TARGET = 17.0;
				MTL_ENABLE_DEBUG_INFO = NO;
				MTL_FAST_MATH = YES;
				PRODUCT_NAME = "$(TARGET_NAME)";
				SDKROOT = iphoneos;
				STRING_CATALOG_GENERATE_SYMBOLS = YES;
				SWIFT_COMPILATION_MODE = wholemodule;
				SWIFT_OPTIMIZATION_LEVEL = "-O";
				SWIFT_VERSION = 5.0;
			};
			name = Release;
		};
/* End XCBuildConfiguration section */

/* Begin XCConfigurationList section */
		8067908426EB1D6235B74C05 /* Build configuration list for PBXNativeTarget "FretShed" */ = {
			isa = XCConfigurationList;
			buildConfigurations = (
				5C426166D57AD4358B4D1E41 /* Debug */,
				06F83BE2B2E99F5DF017C5B9 /* Release */,
			);
			defaultConfigurationIsVisible = 0;
			defaultConfigurationName = Debug;
		};
		C3EB24449BB91D4EA0C05F13 /* Build configuration list for PBXProject "FretShed" */ = {
			isa = XCConfigurationList;
			buildConfigurations = (
				9FE7530E3A914B8AACAECA88 /* Debug */,
				A7A77A3ABE2B5DC21B85120D /* Release */,
			);
			defaultConfigurationIsVisible = 0;
			defaultConfigurationName = Debug;
		};
		D544BC382C823FDB70046F3D /* Build configuration list for PBXNativeTarget "FretShedTests" */ = {
			isa = XCConfigurationList;
			buildConfigurations = (
				427AF0FECEA48FBC29880A6E /* Debug */,
				5F0960DEE1EB7295F6044522 /* Release */,
			);
			defaultConfigurationIsVisible = 0;
			defaultConfigurationName = Debug;
		};
/* End XCConfigurationList section */
	};
	rootObject = 26CA88E02FB5F0BF6BFDC08C /* Project object */;
}
